// !$*UTF8*$!
{
	archiveVersion = 1;
	classes = {
	};
	objectVersion = 51;
	objects = {

/* Begin PBXBuildFile section */
		7B0BD6D22438C97B006D7311 /* ProductDetailViewController.swift in Sources */ = {isa = PBXBuildFile; fileRef = 7B0BD6D12438C97B006D7311 /* ProductDetailViewController.swift */; };
		7B35F6072437B7DC00FB3800 /* CategoriesHeaderView.swift in Sources */ = {isa = PBXBuildFile; fileRef = 7B35F6062437B7DC00FB3800 /* CategoriesHeaderView.swift */; };
		7B35F6092437B7EF00FB3800 /* CategoriesHeaderView.xib in Resources */ = {isa = PBXBuildFile; fileRef = 7B35F6082437B7EF00FB3800 /* CategoriesHeaderView.xib */; };
		7B3DA7BC2437BC3C00C8668A /* RankingHeaderCollectionViewCell.swift in Sources */ = {isa = PBXBuildFile; fileRef = 7B3DA7BA2437BC3B00C8668A /* RankingHeaderCollectionViewCell.swift */; };
		7B3DA7BD2437BC3C00C8668A /* RankingHeaderCollectionViewCell.xib in Resources */ = {isa = PBXBuildFile; fileRef = 7B3DA7BB2437BC3B00C8668A /* RankingHeaderCollectionViewCell.xib */; };
		7B4FDA1824385BAD00EBD19A /* ProductCollectionViewCell.swift in Sources */ = {isa = PBXBuildFile; fileRef = 7B4FDA1624385BAD00EBD19A /* ProductCollectionViewCell.swift */; };
		7B4FDA1924385BAD00EBD19A /* ProductCollectionViewCell.xib in Resources */ = {isa = PBXBuildFile; fileRef = 7B4FDA1724385BAD00EBD19A /* ProductCollectionViewCell.xib */; };
		7B4FDA1D24385DE300EBD19A /* Extensions.swift in Sources */ = {isa = PBXBuildFile; fileRef = 7B4FDA1C24385DE300EBD19A /* Extensions.swift */; };
		7B4FDA212438668E00EBD19A /* CategoryTableViewCell.swift in Sources */ = {isa = PBXBuildFile; fileRef = 7B4FDA1F2438668E00EBD19A /* CategoryTableViewCell.swift */; };
		7B4FDA222438668E00EBD19A /* CategoryTableViewCell.xib in Resources */ = {isa = PBXBuildFile; fileRef = 7B4FDA202438668E00EBD19A /* CategoryTableViewCell.xib */; };
		7B4FDA2624386C5800EBD19A /* CategoryCollectionViewCell.swift in Sources */ = {isa = PBXBuildFile; fileRef = 7B4FDA2424386C5800EBD19A /* CategoryCollectionViewCell.swift */; };
		7B4FDA2724386C5800EBD19A /* CategoryCollectionViewCell.xib in Resources */ = {isa = PBXBuildFile; fileRef = 7B4FDA2524386C5800EBD19A /* CategoryCollectionViewCell.xib */; };
		7B4FDA2A24387D4D00EBD19A /* CategoryDetailViewController.swift in Sources */ = {isa = PBXBuildFile; fileRef = 7B4FDA2924387D4D00EBD19A /* CategoryDetailViewController.swift */; };
		7B4FDA2E2438892D00EBD19A /* HomeViewNavigator.swift in Sources */ = {isa = PBXBuildFile; fileRef = 7B4FDA2D2438892D00EBD19A /* HomeViewNavigator.swift */; };
		7B4FDA3024388C1500EBD19A /* CategoryViewModel.swift in Sources */ = {isa = PBXBuildFile; fileRef = 7B4FDA2F24388C1500EBD19A /* CategoryViewModel.swift */; };
		7B56506C243503550003689F /* AppDelegate.swift in Sources */ = {isa = PBXBuildFile; fileRef = 7B56506B243503550003689F /* AppDelegate.swift */; };
		7B56506E243503550003689F /* SceneDelegate.swift in Sources */ = {isa = PBXBuildFile; fileRef = 7B56506D243503550003689F /* SceneDelegate.swift */; };
		7B565073243503550003689F /* Main.storyboard in Resources */ = {isa = PBXBuildFile; fileRef = 7B565071243503550003689F /* Main.storyboard */; };
		7B565076243503550003689F /* H_Bazaar.xcdatamodeld in Sources */ = {isa = PBXBuildFile; fileRef = 7B565074243503550003689F /* H_Bazaar.xcdatamodeld */; };
		7B565078243503570003689F /* Assets.xcassets in Resources */ = {isa = PBXBuildFile; fileRef = 7B565077243503570003689F /* Assets.xcassets */; };
		7B56507B243503570003689F /* LaunchScreen.storyboard in Resources */ = {isa = PBXBuildFile; fileRef = 7B565079243503570003689F /* LaunchScreen.storyboard */; };
		7B565086243503570003689F /* H_BazaarTests.swift in Sources */ = {isa = PBXBuildFile; fileRef = 7B565085243503570003689F /* H_BazaarTests.swift */; };
		7B5650982435BFDB0003689F /* ProductViews.swift in Sources */ = {isa = PBXBuildFile; fileRef = 7B5650912435BFDB0003689F /* ProductViews.swift */; };
		7B5650992435BFDB0003689F /* Categories.swift in Sources */ = {isa = PBXBuildFile; fileRef = 7B5650922435BFDB0003689F /* Categories.swift */; };
		7B56509A2435BFDB0003689F /* Product.swift in Sources */ = {isa = PBXBuildFile; fileRef = 7B5650932435BFDB0003689F /* Product.swift */; };
		7B56509B2435BFDB0003689F /* Rankings.swift in Sources */ = {isa = PBXBuildFile; fileRef = 7B5650942435BFDB0003689F /* Rankings.swift */; };
		7B56509C2435BFDB0003689F /* Tax.swift in Sources */ = {isa = PBXBuildFile; fileRef = 7B5650952435BFDB0003689F /* Tax.swift */; };
		7B56509D2435BFDB0003689F /* ProductsAPIResponse.swift in Sources */ = {isa = PBXBuildFile; fileRef = 7B5650962435BFDB0003689F /* ProductsAPIResponse.swift */; };
		7B56509E2435BFDB0003689F /* Variants.swift in Sources */ = {isa = PBXBuildFile; fileRef = 7B5650972435BFDB0003689F /* Variants.swift */; };
		7BB0B4B72435DE480067798B /* NetworkManager.swift in Sources */ = {isa = PBXBuildFile; fileRef = 7BB0B4B62435DE480067798B /* NetworkManager.swift */; };
		7BB0B4BC2435DFC90067798B /* HBURLSession.swift in Sources */ = {isa = PBXBuildFile; fileRef = 7BB0B4BB2435DFC90067798B /* HBURLSession.swift */; };
		7BB0B4BE2435E0060067798B /* WebserviceHelper.swift in Sources */ = {isa = PBXBuildFile; fileRef = 7BB0B4BD2435E0060067798B /* WebserviceHelper.swift */; };
		7BB0B4C02435E05F0067798B /* AppConstants.swift in Sources */ = {isa = PBXBuildFile; fileRef = 7BB0B4BF2435E05F0067798B /* AppConstants.swift */; };
		7BB0B4C22435E0BA0067798B /* HomeViewController.swift in Sources */ = {isa = PBXBuildFile; fileRef = 7BB0B4C12435E0BA0067798B /* HomeViewController.swift */; };
		7BB0B4C52435E0DA0067798B /* HomeViewModel.swift in Sources */ = {isa = PBXBuildFile; fileRef = 7BB0B4C42435E0DA0067798B /* HomeViewModel.swift */; };
		7BB0B4C72435E2550067798B /* CoreDataManager.swift in Sources */ = {isa = PBXBuildFile; fileRef = 7BB0B4C62435E2550067798B /* CoreDataManager.swift */; };
		7BB0B4FA24361DFB0067798B /* Helper.swift in Sources */ = {isa = PBXBuildFile; fileRef = 7BB0B4F924361DFB0067798B /* Helper.swift */; };
		7BB0B56B2437658E0067798B /* Tax+CoreDataClass.swift in Sources */ = {isa = PBXBuildFile; fileRef = 7BB0B55F2437658E0067798B /* Tax+CoreDataClass.swift */; };
		7BB0B56C2437658E0067798B /* Tax+CoreDataProperties.swift in Sources */ = {isa = PBXBuildFile; fileRef = 7BB0B5602437658E0067798B /* Tax+CoreDataProperties.swift */; };
		7BB0B56D2437658E0067798B /* Category+CoreDataClass.swift in Sources */ = {isa = PBXBuildFile; fileRef = 7BB0B5612437658E0067798B /* Category+CoreDataClass.swift */; };
		7BB0B56E2437658E0067798B /* Category+CoreDataProperties.swift in Sources */ = {isa = PBXBuildFile; fileRef = 7BB0B5622437658E0067798B /* Category+CoreDataProperties.swift */; };
		7BB0B56F2437658E0067798B /* Product+CoreDataClass.swift in Sources */ = {isa = PBXBuildFile; fileRef = 7BB0B5632437658E0067798B /* Product+CoreDataClass.swift */; };
		7BB0B5702437658E0067798B /* Product+CoreDataProperties.swift in Sources */ = {isa = PBXBuildFile; fileRef = 7BB0B5642437658E0067798B /* Product+CoreDataProperties.swift */; };
		7BB0B5712437658E0067798B /* ChildCategory+CoreDataClass.swift in Sources */ = {isa = PBXBuildFile; fileRef = 7BB0B5652437658E0067798B /* ChildCategory+CoreDataClass.swift */; };
		7BB0B5722437658E0067798B /* ChildCategory+CoreDataProperties.swift in Sources */ = {isa = PBXBuildFile; fileRef = 7BB0B5662437658E0067798B /* ChildCategory+CoreDataProperties.swift */; };
		7BB0B5752437658E0067798B /* Ranking+CoreDataClass.swift in Sources */ = {isa = PBXBuildFile; fileRef = 7BB0B5692437658E0067798B /* Ranking+CoreDataClass.swift */; };
		7BB0B5762437658E0067798B /* Ranking+CoreDataProperties.swift in Sources */ = {isa = PBXBuildFile; fileRef = 7BB0B56A2437658E0067798B /* Ranking+CoreDataProperties.swift */; };
		7BD4CC872438CD4C00E0751A /* ProductDetailViewModel.swift in Sources */ = {isa = PBXBuildFile; fileRef = 7BD4CC862438CD4C00E0751A /* ProductDetailViewModel.swift */; };
		7BD4CC8A2438CD9800E0751A /* CategoryDetailViewNavigator.swift in Sources */ = {isa = PBXBuildFile; fileRef = 7BD4CC892438CD9800E0751A /* CategoryDetailViewNavigator.swift */; };
		7BD4CC922438E15100E0751A /* Products.json in Resources */ = {isa = PBXBuildFile; fileRef = 7BD4CC912438E15100E0751A /* Products.json */; };
		7BD4CC992438E4A500E0751A /* Variant+CoreDataClass.swift in Sources */ = {isa = PBXBuildFile; fileRef = 7BD4CC972438E4A400E0751A /* Variant+CoreDataClass.swift */; };
		7BD4CC9A2438E4A500E0751A /* Variant+CoreDataProperties.swift in Sources */ = {isa = PBXBuildFile; fileRef = 7BD4CC982438E4A500E0751A /* Variant+CoreDataProperties.swift */; };
		B02FBEF931503E022B387FEE /* Pods_H_Bazaar.framework in Frameworks */ = {isa = PBXBuildFile; fileRef = 7616DBDAFA60D5EAE283360A /* Pods_H_Bazaar.framework */; };
		D6522B16473D88E8440D9E70 /* Pods_H_BazaarTests.framework in Frameworks */ = {isa = PBXBuildFile; fileRef = D077DDCB3942F4298CD180D9 /* Pods_H_BazaarTests.framework */; };
/* End PBXBuildFile section */

/* Begin PBXContainerItemProxy section */
		7B565082243503570003689F /* PBXContainerItemProxy */ = {
			isa = PBXContainerItemProxy;
			containerPortal = 7B565060243503550003689F /* Project object */;
			proxyType = 1;
			remoteGlobalIDString = 7B565067243503550003689F;
			remoteInfo = "H-Bazaar";
		};
/* End PBXContainerItemProxy section */

/* Begin PBXFileReference section */
		7616DBDAFA60D5EAE283360A /* Pods_H_Bazaar.framework */ = {isa = PBXFileReference; explicitFileType = wrapper.framework; includeInIndex = 0; path = Pods_H_Bazaar.framework; sourceTree = BUILT_PRODUCTS_DIR; };
		7B0BD6D12438C97B006D7311 /* ProductDetailViewController.swift */ = {isa = PBXFileReference; lastKnownFileType = sourcecode.swift; path = ProductDetailViewController.swift; sourceTree = "<group>"; };
		7B35F6062437B7DC00FB3800 /* CategoriesHeaderView.swift */ = {isa = PBXFileReference; lastKnownFileType = sourcecode.swift; path = CategoriesHeaderView.swift; sourceTree = "<group>"; };
		7B35F6082437B7EF00FB3800 /* CategoriesHeaderView.xib */ = {isa = PBXFileReference; lastKnownFileType = file.xib; path = CategoriesHeaderView.xib; sourceTree = "<group>"; };
		7B3DA7BA2437BC3B00C8668A /* RankingHeaderCollectionViewCell.swift */ = {isa = PBXFileReference; lastKnownFileType = sourcecode.swift; path = RankingHeaderCollectionViewCell.swift; sourceTree = "<group>"; };
		7B3DA7BB2437BC3B00C8668A /* RankingHeaderCollectionViewCell.xib */ = {isa = PBXFileReference; lastKnownFileType = file.xib; path = RankingHeaderCollectionViewCell.xib; sourceTree = "<group>"; };
		7B4FDA1624385BAD00EBD19A /* ProductCollectionViewCell.swift */ = {isa = PBXFileReference; lastKnownFileType = sourcecode.swift; path = ProductCollectionViewCell.swift; sourceTree = "<group>"; };
		7B4FDA1724385BAD00EBD19A /* ProductCollectionViewCell.xib */ = {isa = PBXFileReference; lastKnownFileType = file.xib; path = ProductCollectionViewCell.xib; sourceTree = "<group>"; };
		7B4FDA1C24385DE300EBD19A /* Extensions.swift */ = {isa = PBXFileReference; lastKnownFileType = sourcecode.swift; path = Extensions.swift; sourceTree = "<group>"; };
		7B4FDA1F2438668E00EBD19A /* CategoryTableViewCell.swift */ = {isa = PBXFileReference; lastKnownFileType = sourcecode.swift; path = CategoryTableViewCell.swift; sourceTree = "<group>"; };
		7B4FDA202438668E00EBD19A /* CategoryTableViewCell.xib */ = {isa = PBXFileReference; lastKnownFileType = file.xib; path = CategoryTableViewCell.xib; sourceTree = "<group>"; };
		7B4FDA2424386C5800EBD19A /* CategoryCollectionViewCell.swift */ = {isa = PBXFileReference; lastKnownFileType = sourcecode.swift; path = CategoryCollectionViewCell.swift; sourceTree = "<group>"; };
		7B4FDA2524386C5800EBD19A /* CategoryCollectionViewCell.xib */ = {isa = PBXFileReference; lastKnownFileType = file.xib; path = CategoryCollectionViewCell.xib; sourceTree = "<group>"; };
		7B4FDA2924387D4D00EBD19A /* CategoryDetailViewController.swift */ = {isa = PBXFileReference; lastKnownFileType = sourcecode.swift; path = CategoryDetailViewController.swift; sourceTree = "<group>"; };
		7B4FDA2D2438892D00EBD19A /* HomeViewNavigator.swift */ = {isa = PBXFileReference; lastKnownFileType = sourcecode.swift; path = HomeViewNavigator.swift; sourceTree = "<group>"; };
		7B4FDA2F24388C1500EBD19A /* CategoryViewModel.swift */ = {isa = PBXFileReference; lastKnownFileType = sourcecode.swift; path = CategoryViewModel.swift; sourceTree = "<group>"; };
		7B565068243503550003689F /* H-Bazaar.app */ = {isa = PBXFileReference; explicitFileType = wrapper.application; includeInIndex = 0; path = "H-Bazaar.app"; sourceTree = BUILT_PRODUCTS_DIR; };
		7B56506B243503550003689F /* AppDelegate.swift */ = {isa = PBXFileReference; lastKnownFileType = sourcecode.swift; path = AppDelegate.swift; sourceTree = "<group>"; };
		7B56506D243503550003689F /* SceneDelegate.swift */ = {isa = PBXFileReference; lastKnownFileType = sourcecode.swift; path = SceneDelegate.swift; sourceTree = "<group>"; };
		7B565072243503550003689F /* Base */ = {isa = PBXFileReference; lastKnownFileType = file.storyboard; name = Base; path = Base.lproj/Main.storyboard; sourceTree = "<group>"; };
		7B565075243503550003689F /* H_Bazaar.xcdatamodel */ = {isa = PBXFileReference; lastKnownFileType = wrapper.xcdatamodel; path = H_Bazaar.xcdatamodel; sourceTree = "<group>"; };
		7B565077243503570003689F /* Assets.xcassets */ = {isa = PBXFileReference; lastKnownFileType = folder.assetcatalog; path = Assets.xcassets; sourceTree = "<group>"; };
		7B56507A243503570003689F /* Base */ = {isa = PBXFileReference; lastKnownFileType = file.storyboard; name = Base; path = Base.lproj/LaunchScreen.storyboard; sourceTree = "<group>"; };
		7B56507C243503570003689F /* Info.plist */ = {isa = PBXFileReference; lastKnownFileType = text.plist.xml; path = Info.plist; sourceTree = "<group>"; };
		7B565081243503570003689F /* H-BazaarTests.xctest */ = {isa = PBXFileReference; explicitFileType = wrapper.cfbundle; includeInIndex = 0; path = "H-BazaarTests.xctest"; sourceTree = BUILT_PRODUCTS_DIR; };
		7B565085243503570003689F /* H_BazaarTests.swift */ = {isa = PBXFileReference; lastKnownFileType = sourcecode.swift; path = H_BazaarTests.swift; sourceTree = "<group>"; };
		7B565087243503570003689F /* Info.plist */ = {isa = PBXFileReference; lastKnownFileType = text.plist.xml; path = Info.plist; sourceTree = "<group>"; };
		7B5650912435BFDB0003689F /* ProductViews.swift */ = {isa = PBXFileReference; fileEncoding = 4; lastKnownFileType = sourcecode.swift; path = ProductViews.swift; sourceTree = "<group>"; };
		7B5650922435BFDB0003689F /* Categories.swift */ = {isa = PBXFileReference; fileEncoding = 4; lastKnownFileType = sourcecode.swift; path = Categories.swift; sourceTree = "<group>"; };
		7B5650932435BFDB0003689F /* Product.swift */ = {isa = PBXFileReference; fileEncoding = 4; lastKnownFileType = sourcecode.swift; path = Product.swift; sourceTree = "<group>"; };
		7B5650942435BFDB0003689F /* Rankings.swift */ = {isa = PBXFileReference; fileEncoding = 4; lastKnownFileType = sourcecode.swift; path = Rankings.swift; sourceTree = "<group>"; };
		7B5650952435BFDB0003689F /* Tax.swift */ = {isa = PBXFileReference; fileEncoding = 4; lastKnownFileType = sourcecode.swift; path = Tax.swift; sourceTree = "<group>"; };
		7B5650962435BFDB0003689F /* ProductsAPIResponse.swift */ = {isa = PBXFileReference; fileEncoding = 4; lastKnownFileType = sourcecode.swift; path = ProductsAPIResponse.swift; sourceTree = "<group>"; };
		7B5650972435BFDB0003689F /* Variants.swift */ = {isa = PBXFileReference; fileEncoding = 4; lastKnownFileType = sourcecode.swift; path = Variants.swift; sourceTree = "<group>"; };
		7BB0B4B62435DE480067798B /* NetworkManager.swift */ = {isa = PBXFileReference; lastKnownFileType = sourcecode.swift; path = NetworkManager.swift; sourceTree = "<group>"; };
		7BB0B4BB2435DFC90067798B /* HBURLSession.swift */ = {isa = PBXFileReference; lastKnownFileType = sourcecode.swift; path = HBURLSession.swift; sourceTree = "<group>"; };
		7BB0B4BD2435E0060067798B /* WebserviceHelper.swift */ = {isa = PBXFileReference; lastKnownFileType = sourcecode.swift; path = WebserviceHelper.swift; sourceTree = "<group>"; };
		7BB0B4BF2435E05F0067798B /* AppConstants.swift */ = {isa = PBXFileReference; lastKnownFileType = sourcecode.swift; path = AppConstants.swift; sourceTree = "<group>"; };
		7BB0B4C12435E0BA0067798B /* HomeViewController.swift */ = {isa = PBXFileReference; lastKnownFileType = sourcecode.swift; path = HomeViewController.swift; sourceTree = "<group>"; };
		7BB0B4C42435E0DA0067798B /* HomeViewModel.swift */ = {isa = PBXFileReference; lastKnownFileType = sourcecode.swift; path = HomeViewModel.swift; sourceTree = "<group>"; };
		7BB0B4C62435E2550067798B /* CoreDataManager.swift */ = {isa = PBXFileReference; lastKnownFileType = sourcecode.swift; path = CoreDataManager.swift; sourceTree = "<group>"; };
		7BB0B4F924361DFB0067798B /* Helper.swift */ = {isa = PBXFileReference; lastKnownFileType = sourcecode.swift; path = Helper.swift; sourceTree = "<group>"; };
		7BB0B55F2437658E0067798B /* Tax+CoreDataClass.swift */ = {isa = PBXFileReference; lastKnownFileType = sourcecode.swift; path = "Tax+CoreDataClass.swift"; sourceTree = "<group>"; };
		7BB0B5602437658E0067798B /* Tax+CoreDataProperties.swift */ = {isa = PBXFileReference; lastKnownFileType = sourcecode.swift; path = "Tax+CoreDataProperties.swift"; sourceTree = "<group>"; };
		7BB0B5612437658E0067798B /* Category+CoreDataClass.swift */ = {isa = PBXFileReference; lastKnownFileType = sourcecode.swift; path = "Category+CoreDataClass.swift"; sourceTree = "<group>"; };
		7BB0B5622437658E0067798B /* Category+CoreDataProperties.swift */ = {isa = PBXFileReference; lastKnownFileType = sourcecode.swift; path = "Category+CoreDataProperties.swift"; sourceTree = "<group>"; };
		7BB0B5632437658E0067798B /* Product+CoreDataClass.swift */ = {isa = PBXFileReference; lastKnownFileType = sourcecode.swift; path = "Product+CoreDataClass.swift"; sourceTree = "<group>"; };
		7BB0B5642437658E0067798B /* Product+CoreDataProperties.swift */ = {isa = PBXFileReference; lastKnownFileType = sourcecode.swift; path = "Product+CoreDataProperties.swift"; sourceTree = "<group>"; };
		7BB0B5652437658E0067798B /* ChildCategory+CoreDataClass.swift */ = {isa = PBXFileReference; lastKnownFileType = sourcecode.swift; path = "ChildCategory+CoreDataClass.swift"; sourceTree = "<group>"; };
		7BB0B5662437658E0067798B /* ChildCategory+CoreDataProperties.swift */ = {isa = PBXFileReference; lastKnownFileType = sourcecode.swift; path = "ChildCategory+CoreDataProperties.swift"; sourceTree = "<group>"; };
		7BB0B5692437658E0067798B /* Ranking+CoreDataClass.swift */ = {isa = PBXFileReference; lastKnownFileType = sourcecode.swift; path = "Ranking+CoreDataClass.swift"; sourceTree = "<group>"; };
		7BB0B56A2437658E0067798B /* Ranking+CoreDataProperties.swift */ = {isa = PBXFileReference; lastKnownFileType = sourcecode.swift; path = "Ranking+CoreDataProperties.swift"; sourceTree = "<group>"; };
		7BD4CC862438CD4C00E0751A /* ProductDetailViewModel.swift */ = {isa = PBXFileReference; lastKnownFileType = sourcecode.swift; path = ProductDetailViewModel.swift; sourceTree = "<group>"; };
		7BD4CC892438CD9800E0751A /* CategoryDetailViewNavigator.swift */ = {isa = PBXFileReference; lastKnownFileType = sourcecode.swift; path = CategoryDetailViewNavigator.swift; sourceTree = "<group>"; };
		7BD4CC912438E15100E0751A /* Products.json */ = {isa = PBXFileReference; fileEncoding = 4; lastKnownFileType = text.json; path = Products.json; sourceTree = "<group>"; };
		7BD4CC972438E4A400E0751A /* Variant+CoreDataClass.swift */ = {isa = PBXFileReference; fileEncoding = 4; lastKnownFileType = sourcecode.swift; path = "Variant+CoreDataClass.swift"; sourceTree = "<group>"; };
		7BD4CC982438E4A500E0751A /* Variant+CoreDataProperties.swift */ = {isa = PBXFileReference; fileEncoding = 4; lastKnownFileType = sourcecode.swift; path = "Variant+CoreDataProperties.swift"; sourceTree = "<group>"; };
		9E30274EA368458D6800C1CA /* Pods-H-Bazaar.debug.xcconfig */ = {isa = PBXFileReference; includeInIndex = 1; lastKnownFileType = text.xcconfig; name = "Pods-H-Bazaar.debug.xcconfig"; path = "Target Support Files/Pods-H-Bazaar/Pods-H-Bazaar.debug.xcconfig"; sourceTree = "<group>"; };
		A2846FCB70E00508EBEE42D1 /* Pods-H-Bazaar.release.xcconfig */ = {isa = PBXFileReference; includeInIndex = 1; lastKnownFileType = text.xcconfig; name = "Pods-H-Bazaar.release.xcconfig"; path = "Target Support Files/Pods-H-Bazaar/Pods-H-Bazaar.release.xcconfig"; sourceTree = "<group>"; };
		A6391AF547919C74563EC38C /* Pods-H-BazaarTests.release.xcconfig */ = {isa = PBXFileReference; includeInIndex = 1; lastKnownFileType = text.xcconfig; name = "Pods-H-BazaarTests.release.xcconfig"; path = "Target Support Files/Pods-H-BazaarTests/Pods-H-BazaarTests.release.xcconfig"; sourceTree = "<group>"; };
		D077DDCB3942F4298CD180D9 /* Pods_H_BazaarTests.framework */ = {isa = PBXFileReference; explicitFileType = wrapper.framework; includeInIndex = 0; path = Pods_H_BazaarTests.framework; sourceTree = BUILT_PRODUCTS_DIR; };
		FD4EF4EE3D8DB213B5C78FC3 /* Pods-H-BazaarTests.debug.xcconfig */ = {isa = PBXFileReference; includeInIndex = 1; lastKnownFileType = text.xcconfig; name = "Pods-H-BazaarTests.debug.xcconfig"; path = "Target Support Files/Pods-H-BazaarTests/Pods-H-BazaarTests.debug.xcconfig"; sourceTree = "<group>"; };
/* End PBXFileReference section */

/* Begin PBXFrameworksBuildPhase section */
		7B565065243503550003689F /* Frameworks */ = {
			isa = PBXFrameworksBuildPhase;
			buildActionMask = 2147483647;
			files = (
				B02FBEF931503E022B387FEE /* Pods_H_Bazaar.framework in Frameworks */,
			);
			runOnlyForDeploymentPostprocessing = 0;
		};
		7B56507E243503570003689F /* Frameworks */ = {
			isa = PBXFrameworksBuildPhase;
			buildActionMask = 2147483647;
			files = (
				D6522B16473D88E8440D9E70 /* Pods_H_BazaarTests.framework in Frameworks */,
			);
			runOnlyForDeploymentPostprocessing = 0;
		};
/* End PBXFrameworksBuildPhase section */

/* Begin PBXGroup section */
		1D20902A645F039AA968BDF3 /* Frameworks */ = {
			isa = PBXGroup;
			children = (
				7616DBDAFA60D5EAE283360A /* Pods_H_Bazaar.framework */,
				D077DDCB3942F4298CD180D9 /* Pods_H_BazaarTests.framework */,
			);
			name = Frameworks;
			sourceTree = "<group>";
		};
		7B0BD6D02438C965006D7311 /* ProductDetail */ = {
			isa = PBXGroup;
			children = (
				7B0BD6D12438C97B006D7311 /* ProductDetailViewController.swift */,
			);
			path = ProductDetail;
			sourceTree = "<group>";
		};
		7B35F6052437B75300FB3800 /* Home */ = {
			isa = PBXGroup;
			children = (
				7B4FDA1E243865E000EBD19A /* CategoryTableViewCell */,
				7B35F60A2437B7F500FB3800 /* Header */,
				7B4FDA1524385B7D00EBD19A /* ProductCell */,
				7BB0B4C12435E0BA0067798B /* HomeViewController.swift */,
			);
			path = Home;
			sourceTree = "<group>";
		};
		7B35F60A2437B7F500FB3800 /* Header */ = {
			isa = PBXGroup;
			children = (
				7B3DA7B82437BC0700C8668A /* RankingHeaderCell */,
				7B35F6062437B7DC00FB3800 /* CategoriesHeaderView.swift */,
				7B35F6082437B7EF00FB3800 /* CategoriesHeaderView.xib */,
			);
			path = Header;
			sourceTree = "<group>";
		};
		7B3DA7B82437BC0700C8668A /* RankingHeaderCell */ = {
			isa = PBXGroup;
			children = (
				7B3DA7BA2437BC3B00C8668A /* RankingHeaderCollectionViewCell.swift */,
				7B3DA7BB2437BC3B00C8668A /* RankingHeaderCollectionViewCell.xib */,
			);
			path = RankingHeaderCell;
			sourceTree = "<group>";
		};
		7B4FDA1524385B7D00EBD19A /* ProductCell */ = {
			isa = PBXGroup;
			children = (
				7B4FDA1624385BAD00EBD19A /* ProductCollectionViewCell.swift */,
				7B4FDA1724385BAD00EBD19A /* ProductCollectionViewCell.xib */,
			);
			path = ProductCell;
			sourceTree = "<group>";
		};
		7B4FDA1E243865E000EBD19A /* CategoryTableViewCell */ = {
			isa = PBXGroup;
			children = (
				7B4FDA2324386C3900EBD19A /* CategoryCollectionViewCell */,
				7B4FDA1F2438668E00EBD19A /* CategoryTableViewCell.swift */,
				7B4FDA202438668E00EBD19A /* CategoryTableViewCell.xib */,
			);
			path = CategoryTableViewCell;
			sourceTree = "<group>";
		};
		7B4FDA2324386C3900EBD19A /* CategoryCollectionViewCell */ = {
			isa = PBXGroup;
			children = (
				7B4FDA2424386C5800EBD19A /* CategoryCollectionViewCell.swift */,
				7B4FDA2524386C5800EBD19A /* CategoryCollectionViewCell.xib */,
			);
			path = CategoryCollectionViewCell;
			sourceTree = "<group>";
		};
		7B4FDA2824387BC300EBD19A /* CategoryDetail */ = {
			isa = PBXGroup;
			children = (
				7B4FDA2924387D4D00EBD19A /* CategoryDetailViewController.swift */,
			);
			path = CategoryDetail;
			sourceTree = "<group>";
		};
		7B4FDA2B24387DA800EBD19A /* Navigators */ = {
			isa = PBXGroup;
			children = (
				7BD4CC882438CD8300E0751A /* CategoryDetail */,
				7B4FDA2C24387DBB00EBD19A /* Home */,
			);
			path = Navigators;
			sourceTree = "<group>";
		};
		7B4FDA2C24387DBB00EBD19A /* Home */ = {
			isa = PBXGroup;
			children = (
				7B4FDA2D2438892D00EBD19A /* HomeViewNavigator.swift */,
			);
			path = Home;
			sourceTree = "<group>";
		};
		7B56505F243503550003689F = {
			isa = PBXGroup;
			children = (
				7B56506A243503550003689F /* H-Bazaar */,
				7B565084243503570003689F /* H-BazaarTests */,
				7B565069243503550003689F /* Products */,
				B7F34ECEAB80683963CF8083 /* Pods */,
				1D20902A645F039AA968BDF3 /* Frameworks */,
			);
			sourceTree = "<group>";
		};
		7B565069243503550003689F /* Products */ = {
			isa = PBXGroup;
			children = (
				7B565068243503550003689F /* H-Bazaar.app */,
				7B565081243503570003689F /* H-BazaarTests.xctest */,
			);
			name = Products;
			sourceTree = "<group>";
		};
		7B56506A243503550003689F /* H-Bazaar */ = {
			isa = PBXGroup;
			children = (
				7B5650A02435C0040003689F /* Application */,
				7BB0B4B52435DDC90067798B /* Network */,
				7B56509F2435BFE60003689F /* Views */,
				7BB0B4C32435E0CA0067798B /* ViewModels */,
				7B5650902435BFBB0003689F /* ResponseModels */,
				7B4FDA2B24387DA800EBD19A /* Navigators */,
				7BB0B4B82435DE4F0067798B /* Utils */,
				7B5650A12435C17B0003689F /* CoreData */,
				7B565077243503570003689F /* Assets.xcassets */,
				7B56507C243503570003689F /* Info.plist */,
			);
			path = "H-Bazaar";
			sourceTree = "<group>";
		};
		7B565084243503570003689F /* H-BazaarTests */ = {
			isa = PBXGroup;
			children = (
				7BD4CC912438E15100E0751A /* Products.json */,
				7B565085243503570003689F /* H_BazaarTests.swift */,
				7B565087243503570003689F /* Info.plist */,
			);
			path = "H-BazaarTests";
			sourceTree = "<group>";
		};
		7B5650902435BFBB0003689F /* ResponseModels */ = {
			isa = PBXGroup;
			children = (
				7B5650922435BFDB0003689F /* Categories.swift */,
				7B5650932435BFDB0003689F /* Product.swift */,
				7B5650962435BFDB0003689F /* ProductsAPIResponse.swift */,
				7B5650912435BFDB0003689F /* ProductViews.swift */,
				7B5650942435BFDB0003689F /* Rankings.swift */,
				7B5650952435BFDB0003689F /* Tax.swift */,
				7B5650972435BFDB0003689F /* Variants.swift */,
			);
			path = ResponseModels;
			sourceTree = "<group>";
		};
		7B56509F2435BFE60003689F /* Views */ = {
			isa = PBXGroup;
			children = (
				7B0BD6D02438C965006D7311 /* ProductDetail */,
				7B4FDA2824387BC300EBD19A /* CategoryDetail */,
				7B35F6052437B75300FB3800 /* Home */,
				7B565071243503550003689F /* Main.storyboard */,
				7B565079243503570003689F /* LaunchScreen.storyboard */,
			);
			path = Views;
			sourceTree = "<group>";
		};
		7B5650A02435C0040003689F /* Application */ = {
			isa = PBXGroup;
			children = (
				7B56506B243503550003689F /* AppDelegate.swift */,
				7B56506D243503550003689F /* SceneDelegate.swift */,
			);
			path = Application;
			sourceTree = "<group>";
		};
		7B5650A12435C17B0003689F /* CoreData */ = {
			isa = PBXGroup;
			children = (
				7BB0B4F82435E9870067798B /* Models */,
				7BB0B4C62435E2550067798B /* CoreDataManager.swift */,
				7B565074243503550003689F /* H_Bazaar.xcdatamodeld */,
			);
			path = CoreData;
			sourceTree = "<group>";
		};
		7BB0B4B52435DDC90067798B /* Network */ = {
			isa = PBXGroup;
			children = (
				7BB0B4B62435DE480067798B /* NetworkManager.swift */,
				7BB0B4BD2435E0060067798B /* WebserviceHelper.swift */,
			);
			path = Network;
			sourceTree = "<group>";
		};
		7BB0B4B82435DE4F0067798B /* Utils */ = {
			isa = PBXGroup;
			children = (
				7BB0B4B92435DFAC0067798B /* Network */,
				7BB0B4BF2435E05F0067798B /* AppConstants.swift */,
				7BB0B4F924361DFB0067798B /* Helper.swift */,
				7B4FDA1C24385DE300EBD19A /* Extensions.swift */,
			);
			path = Utils;
			sourceTree = "<group>";
		};
		7BB0B4B92435DFAC0067798B /* Network */ = {
			isa = PBXGroup;
			children = (
				7BB0B4BB2435DFC90067798B /* HBURLSession.swift */,
			);
			path = Network;
			sourceTree = "<group>";
		};
		7BB0B4C32435E0CA0067798B /* ViewModels */ = {
			isa = PBXGroup;
			children = (
				7BB0B4C42435E0DA0067798B /* HomeViewModel.swift */,
				7B4FDA2F24388C1500EBD19A /* CategoryViewModel.swift */,
				7BD4CC862438CD4C00E0751A /* ProductDetailViewModel.swift */,
			);
			path = ViewModels;
			sourceTree = "<group>";
		};
		7BB0B4F82435E9870067798B /* Models */ = {
			isa = PBXGroup;
			children = (
				7BD4CC972438E4A400E0751A /* Variant+CoreDataClass.swift */,
				7BD4CC982438E4A500E0751A /* Variant+CoreDataProperties.swift */,
				7BB0B55F2437658E0067798B /* Tax+CoreDataClass.swift */,
				7BB0B5602437658E0067798B /* Tax+CoreDataProperties.swift */,
				7BB0B5612437658E0067798B /* Category+CoreDataClass.swift */,
				7BB0B5622437658E0067798B /* Category+CoreDataProperties.swift */,
				7BB0B5632437658E0067798B /* Product+CoreDataClass.swift */,
				7BB0B5642437658E0067798B /* Product+CoreDataProperties.swift */,
				7BB0B5652437658E0067798B /* ChildCategory+CoreDataClass.swift */,
				7BB0B5662437658E0067798B /* ChildCategory+CoreDataProperties.swift */,
				7BB0B5692437658E0067798B /* Ranking+CoreDataClass.swift */,
				7BB0B56A2437658E0067798B /* Ranking+CoreDataProperties.swift */,
			);
			path = Models;
			sourceTree = "<group>";
		};
		7BD4CC882438CD8300E0751A /* CategoryDetail */ = {
			isa = PBXGroup;
			children = (
				7BD4CC892438CD9800E0751A /* CategoryDetailViewNavigator.swift */,
			);
			path = CategoryDetail;
			sourceTree = "<group>";
		};
		B7F34ECEAB80683963CF8083 /* Pods */ = {
			isa = PBXGroup;
			children = (
				9E30274EA368458D6800C1CA /* Pods-H-Bazaar.debug.xcconfig */,
				A2846FCB70E00508EBEE42D1 /* Pods-H-Bazaar.release.xcconfig */,
				FD4EF4EE3D8DB213B5C78FC3 /* Pods-H-BazaarTests.debug.xcconfig */,
				A6391AF547919C74563EC38C /* Pods-H-BazaarTests.release.xcconfig */,
			);
			path = Pods;
			sourceTree = "<group>";
		};
/* End PBXGroup section */

/* Begin PBXNativeTarget section */
		7B565067243503550003689F /* H-Bazaar */ = {
			isa = PBXNativeTarget;
			buildConfigurationList = 7B56508A243503570003689F /* Build configuration list for PBXNativeTarget "H-Bazaar" */;
			buildPhases = (
				2CD9A99EB413BB6230F02041 /* [CP] Check Pods Manifest.lock */,
				7B565064243503550003689F /* Sources */,
				7B565065243503550003689F /* Frameworks */,
				7B565066243503550003689F /* Resources */,
				AAEE61C2965B7E990B3D9997 /* [CP] Embed Pods Frameworks */,
			);
			buildRules = (
			);
			dependencies = (
			);
			name = "H-Bazaar";
			productName = "H-Bazaar";
			productReference = 7B565068243503550003689F /* H-Bazaar.app */;
			productType = "com.apple.product-type.application";
		};
		7B565080243503570003689F /* H-BazaarTests */ = {
			isa = PBXNativeTarget;
			buildConfigurationList = 7B56508D243503570003689F /* Build configuration list for PBXNativeTarget "H-BazaarTests" */;
			buildPhases = (
				3E53C2AC72E0048F80B9E9A3 /* [CP] Check Pods Manifest.lock */,
				7B56507D243503570003689F /* Sources */,
				7B56507E243503570003689F /* Frameworks */,
				7B56507F243503570003689F /* Resources */,
			);
			buildRules = (
			);
			dependencies = (
				7B565083243503570003689F /* PBXTargetDependency */,
			);
			name = "H-BazaarTests";
			productName = "H-BazaarTests";
			productReference = 7B565081243503570003689F /* H-BazaarTests.xctest */;
			productType = "com.apple.product-type.bundle.unit-test";
		};
/* End PBXNativeTarget section */

/* Begin PBXProject section */
		7B565060243503550003689F /* Project object */ = {
			isa = PBXProject;
			attributes = {
				LastSwiftUpdateCheck = 1130;
				LastUpgradeCheck = 1130;
				ORGANIZATIONNAME = "Pallav Trivedi";
				TargetAttributes = {
					7B565067243503550003689F = {
						CreatedOnToolsVersion = 11.3.1;
					};
					7B565080243503570003689F = {
						CreatedOnToolsVersion = 11.3.1;
						TestTargetID = 7B565067243503550003689F;
					};
				};
			};
			buildConfigurationList = 7B565063243503550003689F /* Build configuration list for PBXProject "H-Bazaar" */;
			compatibilityVersion = "Xcode 9.3";
			developmentRegion = en;
			hasScannedForEncodings = 0;
			knownRegions = (
				en,
				Base,
			);
			mainGroup = 7B56505F243503550003689F;
			productRefGroup = 7B565069243503550003689F /* Products */;
			projectDirPath = "";
			projectRoot = "";
			targets = (
				7B565067243503550003689F /* H-Bazaar */,
				7B565080243503570003689F /* H-BazaarTests */,
			);
		};
/* End PBXProject section */

/* Begin PBXResourcesBuildPhase section */
		7B565066243503550003689F /* Resources */ = {
			isa = PBXResourcesBuildPhase;
			buildActionMask = 2147483647;
			files = (
				7B3DA7BD2437BC3C00C8668A /* RankingHeaderCollectionViewCell.xib in Resources */,
				7B4FDA222438668E00EBD19A /* CategoryTableViewCell.xib in Resources */,
				7B56507B243503570003689F /* LaunchScreen.storyboard in Resources */,
				7B4FDA1924385BAD00EBD19A /* ProductCollectionViewCell.xib in Resources */,
				7B4FDA2724386C5800EBD19A /* CategoryCollectionViewCell.xib in Resources */,
				7B565078243503570003689F /* Assets.xcassets in Resources */,
				7B565073243503550003689F /* Main.storyboard in Resources */,
				7B35F6092437B7EF00FB3800 /* CategoriesHeaderView.xib in Resources */,
			);
			runOnlyForDeploymentPostprocessing = 0;
		};
		7B56507F243503570003689F /* Resources */ = {
			isa = PBXResourcesBuildPhase;
			buildActionMask = 2147483647;
			files = (
				7BD4CC922438E15100E0751A /* Products.json in Resources */,
			);
			runOnlyForDeploymentPostprocessing = 0;
		};
/* End PBXResourcesBuildPhase section */

/* Begin PBXShellScriptBuildPhase section */
		2CD9A99EB413BB6230F02041 /* [CP] Check Pods Manifest.lock */ = {
			isa = PBXShellScriptBuildPhase;
			buildActionMask = 2147483647;
			files = (
			);
			inputFileListPaths = (
			);
			inputPaths = (
				"${PODS_PODFILE_DIR_PATH}/Podfile.lock",
				"${PODS_ROOT}/Manifest.lock",
			);
			name = "[CP] Check Pods Manifest.lock";
			outputFileListPaths = (
			);
			outputPaths = (
				"$(DERIVED_FILE_DIR)/Pods-H-Bazaar-checkManifestLockResult.txt",
			);
			runOnlyForDeploymentPostprocessing = 0;
			shellPath = /bin/sh;
			shellScript = "diff \"${PODS_PODFILE_DIR_PATH}/Podfile.lock\" \"${PODS_ROOT}/Manifest.lock\" > /dev/null\nif [ $? != 0 ] ; then\n    # print error to STDERR\n    echo \"error: The sandbox is not in sync with the Podfile.lock. Run 'pod install' or update your CocoaPods installation.\" >&2\n    exit 1\nfi\n# This output is used by Xcode 'outputs' to avoid re-running this script phase.\necho \"SUCCESS\" > \"${SCRIPT_OUTPUT_FILE_0}\"\n";
			showEnvVarsInLog = 0;
		};
		3E53C2AC72E0048F80B9E9A3 /* [CP] Check Pods Manifest.lock */ = {
			isa = PBXShellScriptBuildPhase;
			buildActionMask = 2147483647;
			files = (
			);
			inputFileListPaths = (
			);
			inputPaths = (
				"${PODS_PODFILE_DIR_PATH}/Podfile.lock",
				"${PODS_ROOT}/Manifest.lock",
			);
			name = "[CP] Check Pods Manifest.lock";
			outputFileListPaths = (
			);
			outputPaths = (
				"$(DERIVED_FILE_DIR)/Pods-H-BazaarTests-checkManifestLockResult.txt",
			);
			runOnlyForDeploymentPostprocessing = 0;
			shellPath = /bin/sh;
			shellScript = "diff \"${PODS_PODFILE_DIR_PATH}/Podfile.lock\" \"${PODS_ROOT}/Manifest.lock\" > /dev/null\nif [ $? != 0 ] ; then\n    # print error to STDERR\n    echo \"error: The sandbox is not in sync with the Podfile.lock. Run 'pod install' or update your CocoaPods installation.\" >&2\n    exit 1\nfi\n# This output is used by Xcode 'outputs' to avoid re-running this script phase.\necho \"SUCCESS\" > \"${SCRIPT_OUTPUT_FILE_0}\"\n";
			showEnvVarsInLog = 0;
		};
		AAEE61C2965B7E990B3D9997 /* [CP] Embed Pods Frameworks */ = {
			isa = PBXShellScriptBuildPhase;
			buildActionMask = 2147483647;
			files = (
			);
			inputFileListPaths = (
				"${PODS_ROOT}/Target Support Files/Pods-H-Bazaar/Pods-H-Bazaar-frameworks-${CONFIGURATION}-input-files.xcfilelist",
			);
			name = "[CP] Embed Pods Frameworks";
			outputFileListPaths = (
				"${PODS_ROOT}/Target Support Files/Pods-H-Bazaar/Pods-H-Bazaar-frameworks-${CONFIGURATION}-output-files.xcfilelist",
			);
			runOnlyForDeploymentPostprocessing = 0;
			shellPath = /bin/sh;
			shellScript = "\"${PODS_ROOT}/Target Support Files/Pods-H-Bazaar/Pods-H-Bazaar-frameworks.sh\"\n";
			showEnvVarsInLog = 0;
		};
/* End PBXShellScriptBuildPhase section */

/* Begin PBXSourcesBuildPhase section */
		7B565064243503550003689F /* Sources */ = {
			isa = PBXSourcesBuildPhase;
			buildActionMask = 2147483647;
			files = (
				7BB0B4B72435DE480067798B /* NetworkManager.swift in Sources */,
				7BB0B4BE2435E0060067798B /* WebserviceHelper.swift in Sources */,
				7B4FDA2A24387D4D00EBD19A /* CategoryDetailViewController.swift in Sources */,
				7BB0B4BC2435DFC90067798B /* HBURLSession.swift in Sources */,
				7BB0B56C2437658E0067798B /* Tax+CoreDataProperties.swift in Sources */,
				7B4FDA2624386C5800EBD19A /* CategoryCollectionViewCell.swift in Sources */,
				7BB0B4C52435E0DA0067798B /* HomeViewModel.swift in Sources */,
				7BB0B4C72435E2550067798B /* CoreDataManager.swift in Sources */,
				7BB0B56B2437658E0067798B /* Tax+CoreDataClass.swift in Sources */,
				7BB0B4C02435E05F0067798B /* AppConstants.swift in Sources */,
				7B5650982435BFDB0003689F /* ProductViews.swift in Sources */,
				7B565076243503550003689F /* H_Bazaar.xcdatamodeld in Sources */,
				7B56506C243503550003689F /* AppDelegate.swift in Sources */,
				7BB0B4FA24361DFB0067798B /* Helper.swift in Sources */,
				7B4FDA1824385BAD00EBD19A /* ProductCollectionViewCell.swift in Sources */,
				7BD4CC992438E4A500E0751A /* Variant+CoreDataClass.swift in Sources */,
				7B56506E243503550003689F /* SceneDelegate.swift in Sources */,
				7B5650992435BFDB0003689F /* Categories.swift in Sources */,
				7BB0B5722437658E0067798B /* ChildCategory+CoreDataProperties.swift in Sources */,
				7B35F6072437B7DC00FB3800 /* CategoriesHeaderView.swift in Sources */,
				7BB0B5702437658E0067798B /* Product+CoreDataProperties.swift in Sources */,
				7BB0B5712437658E0067798B /* ChildCategory+CoreDataClass.swift in Sources */,
				7B4FDA3024388C1500EBD19A /* CategoryViewModel.swift in Sources */,
				7B56509C2435BFDB0003689F /* Tax.swift in Sources */,
				7B4FDA2E2438892D00EBD19A /* HomeViewNavigator.swift in Sources */,
				7BB0B4C22435E0BA0067798B /* HomeViewController.swift in Sources */,
				7BB0B56D2437658E0067798B /* Category+CoreDataClass.swift in Sources */,
				7BB0B56E2437658E0067798B /* Category+CoreDataProperties.swift in Sources */,
				7B4FDA212438668E00EBD19A /* CategoryTableViewCell.swift in Sources */,
				7B56509B2435BFDB0003689F /* Rankings.swift in Sources */,
				7BB0B56F2437658E0067798B /* Product+CoreDataClass.swift in Sources */,
				7BD4CC872438CD4C00E0751A /* ProductDetailViewModel.swift in Sources */,
				7B3DA7BC2437BC3C00C8668A /* RankingHeaderCollectionViewCell.swift in Sources */,
				7B56509A2435BFDB0003689F /* Product.swift in Sources */,
				7BD4CC9A2438E4A500E0751A /* Variant+CoreDataProperties.swift in Sources */,
				7B56509E2435BFDB0003689F /* Variants.swift in Sources */,
				7BB0B5752437658E0067798B /* Ranking+CoreDataClass.swift in Sources */,
				7B4FDA1D24385DE300EBD19A /* Extensions.swift in Sources */,
				7B0BD6D22438C97B006D7311 /* ProductDetailViewController.swift in Sources */,
				7BB0B5762437658E0067798B /* Ranking+CoreDataProperties.swift in Sources */,
				7B56509D2435BFDB0003689F /* ProductsAPIResponse.swift in Sources */,
				7BD4CC8A2438CD9800E0751A /* CategoryDetailViewNavigator.swift in Sources */,
			);
			runOnlyForDeploymentPostprocessing = 0;
		};
		7B56507D243503570003689F /* Sources */ = {
			isa = PBXSourcesBuildPhase;
			buildActionMask = 2147483647;
			files = (
				7B565086243503570003689F /* H_BazaarTests.swift in Sources */,
			);
			runOnlyForDeploymentPostprocessing = 0;
		};
/* End PBXSourcesBuildPhase section */

/* Begin PBXTargetDependency section */
		7B565083243503570003689F /* PBXTargetDependency */ = {
			isa = PBXTargetDependency;
			target = 7B565067243503550003689F /* H-Bazaar */;
			targetProxy = 7B565082243503570003689F /* PBXContainerItemProxy */;
		};
/* End PBXTargetDependency section */

/* Begin PBXVariantGroup section */
		7B565071243503550003689F /* Main.storyboard */ = {
			isa = PBXVariantGroup;
			children = (
				7B565072243503550003689F /* Base */,
			);
			name = Main.storyboard;
			sourceTree = "<group>";
		};
		7B565079243503570003689F /* LaunchScreen.storyboard */ = {
			isa = PBXVariantGroup;
			children = (
				7B56507A243503570003689F /* Base */,
			);
			name = LaunchScreen.storyboard;
			sourceTree = "<group>";
		};
/* End PBXVariantGroup section */

/* Begin XCBuildConfiguration section */
		7B565088243503570003689F /* Debug */ = {
			isa = XCBuildConfiguration;
			buildSettings = {
				ALWAYS_SEARCH_USER_PATHS = NO;
				CLANG_ANALYZER_NONNULL = YES;
				CLANG_ANALYZER_NUMBER_OBJECT_CONVERSION = YES_AGGRESSIVE;
				CLANG_CXX_LANGUAGE_STANDARD = "gnu++14";
				CLANG_CXX_LIBRARY = "libc++";
				CLANG_ENABLE_MODULES = YES;
				CLANG_ENABLE_OBJC_ARC = YES;
				CLANG_ENABLE_OBJC_WEAK = YES;
				CLANG_WARN_BLOCK_CAPTURE_AUTORELEASING = YES;
				CLANG_WARN_BOOL_CONVERSION = YES;
				CLANG_WARN_COMMA = YES;
				CLANG_WARN_CONSTANT_CONVERSION = YES;
				CLANG_WARN_DEPRECATED_OBJC_IMPLEMENTATIONS = YES;
				CLANG_WARN_DIRECT_OBJC_ISA_USAGE = YES_ERROR;
				CLANG_WARN_DOCUMENTATION_COMMENTS = YES;
				CLANG_WARN_EMPTY_BODY = YES;
				CLANG_WARN_ENUM_CONVERSION = YES;
				CLANG_WARN_INFINITE_RECURSION = YES;
				CLANG_WARN_INT_CONVERSION = YES;
				CLANG_WARN_NON_LITERAL_NULL_CONVERSION = YES;
				CLANG_WARN_OBJC_IMPLICIT_RETAIN_SELF = YES;
				CLANG_WARN_OBJC_LITERAL_CONVERSION = YES;
				CLANG_WARN_OBJC_ROOT_CLASS = YES_ERROR;
				CLANG_WARN_RANGE_LOOP_ANALYSIS = YES;
				CLANG_WARN_STRICT_PROTOTYPES = YES;
				CLANG_WARN_SUSPICIOUS_MOVE = YES;
				CLANG_WARN_UNGUARDED_AVAILABILITY = YES_AGGRESSIVE;
				CLANG_WARN_UNREACHABLE_CODE = YES;
				CLANG_WARN__DUPLICATE_METHOD_MATCH = YES;
				COPY_PHASE_STRIP = NO;
				DEBUG_INFORMATION_FORMAT = dwarf;
				ENABLE_STRICT_OBJC_MSGSEND = YES;
				ENABLE_TESTABILITY = YES;
				GCC_C_LANGUAGE_STANDARD = gnu11;
				GCC_DYNAMIC_NO_PIC = NO;
				GCC_NO_COMMON_BLOCKS = YES;
				GCC_OPTIMIZATION_LEVEL = 0;
				GCC_PREPROCESSOR_DEFINITIONS = (
					"DEBUG=1",
					"$(inherited)",
				);
				GCC_WARN_64_TO_32_BIT_CONVERSION = YES;
				GCC_WARN_ABOUT_RETURN_TYPE = YES_ERROR;
				GCC_WARN_UNDECLARED_SELECTOR = YES;
				GCC_WARN_UNINITIALIZED_AUTOS = YES_AGGRESSIVE;
				GCC_WARN_UNUSED_FUNCTION = YES;
				GCC_WARN_UNUSED_VARIABLE = YES;
				IPHONEOS_DEPLOYMENT_TARGET = 13.2;
				MTL_ENABLE_DEBUG_INFO = INCLUDE_SOURCE;
				MTL_FAST_MATH = YES;
				ONLY_ACTIVE_ARCH = YES;
				SDKROOT = iphoneos;
				SWIFT_ACTIVE_COMPILATION_CONDITIONS = DEBUG;
				SWIFT_OPTIMIZATION_LEVEL = "-Onone";
			};
			name = Debug;
		};
		7B565089243503570003689F /* Release */ = {
			isa = XCBuildConfiguration;
			buildSettings = {
				ALWAYS_SEARCH_USER_PATHS = NO;
				CLANG_ANALYZER_NONNULL = YES;
				CLANG_ANALYZER_NUMBER_OBJECT_CONVERSION = YES_AGGRESSIVE;
				CLANG_CXX_LANGUAGE_STANDARD = "gnu++14";
				CLANG_CXX_LIBRARY = "libc++";
				CLANG_ENABLE_MODULES = YES;
				CLANG_ENABLE_OBJC_ARC = YES;
				CLANG_ENABLE_OBJC_WEAK = YES;
				CLANG_WARN_BLOCK_CAPTURE_AUTORELEASING = YES;
				CLANG_WARN_BOOL_CONVERSION = YES;
				CLANG_WARN_COMMA = YES;
				CLANG_WARN_CONSTANT_CONVERSION = YES;
				CLANG_WARN_DEPRECATED_OBJC_IMPLEMENTATIONS = YES;
				CLANG_WARN_DIRECT_OBJC_ISA_USAGE = YES_ERROR;
				CLANG_WARN_DOCUMENTATION_COMMENTS = YES;
				CLANG_WARN_EMPTY_BODY = YES;
				CLANG_WARN_ENUM_CONVERSION = YES;
				CLANG_WARN_INFINITE_RECURSION = YES;
				CLANG_WARN_INT_CONVERSION = YES;
				CLANG_WARN_NON_LITERAL_NULL_CONVERSION = YES;
				CLANG_WARN_OBJC_IMPLICIT_RETAIN_SELF = YES;
				CLANG_WARN_OBJC_LITERAL_CONVERSION = YES;
				CLANG_WARN_OBJC_ROOT_CLASS = YES_ERROR;
				CLANG_WARN_RANGE_LOOP_ANALYSIS = YES;
				CLANG_WARN_STRICT_PROTOTYPES = YES;
				CLANG_WARN_SUSPICIOUS_MOVE = YES;
				CLANG_WARN_UNGUARDED_AVAILABILITY = YES_AGGRESSIVE;
				CLANG_WARN_UNREACHABLE_CODE = YES;
				CLANG_WARN__DUPLICATE_METHOD_MATCH = YES;
				COPY_PHASE_STRIP = NO;
				DEBUG_INFORMATION_FORMAT = "dwarf-with-dsym";
				ENABLE_NS_ASSERTIONS = NO;
				ENABLE_STRICT_OBJC_MSGSEND = YES;
				GCC_C_LANGUAGE_STANDARD = gnu11;
				GCC_NO_COMMON_BLOCKS = YES;
				GCC_WARN_64_TO_32_BIT_CONVERSION = YES;
				GCC_WARN_ABOUT_RETURN_TYPE = YES_ERROR;
				GCC_WARN_UNDECLARED_SELECTOR = YES;
				GCC_WARN_UNINITIALIZED_AUTOS = YES_AGGRESSIVE;
				GCC_WARN_UNUSED_FUNCTION = YES;
				GCC_WARN_UNUSED_VARIABLE = YES;
				IPHONEOS_DEPLOYMENT_TARGET = 13.2;
				MTL_ENABLE_DEBUG_INFO = NO;
				MTL_FAST_MATH = YES;
				SDKROOT = iphoneos;
				SWIFT_COMPILATION_MODE = wholemodule;
				SWIFT_OPTIMIZATION_LEVEL = "-O";
				VALIDATE_PRODUCT = YES;
			};
			name = Release;
		};
		7B56508B243503570003689F /* Debug */ = {
			isa = XCBuildConfiguration;
			baseConfigurationReference = 9E30274EA368458D6800C1CA /* Pods-H-Bazaar.debug.xcconfig */;
			buildSettings = {
				ASSETCATALOG_COMPILER_APPICON_NAME = AppIcon;
				CODE_SIGN_STYLE = Automatic;
				INFOPLIST_FILE = "H-Bazaar/Info.plist";
				LD_RUNPATH_SEARCH_PATHS = (
					"$(inherited)",
					"@executable_path/Frameworks",
				);
				PRODUCT_BUNDLE_IDENTIFIER = "com.develop.H-Bazaar";
				PRODUCT_NAME = "$(TARGET_NAME)";
				SWIFT_VERSION = 5.0;
				TARGETED_DEVICE_FAMILY = "1,2";
			};
			name = Debug;
		};
		7B56508C243503570003689F /* Release */ = {
			isa = XCBuildConfiguration;
			baseConfigurationReference = A2846FCB70E00508EBEE42D1 /* Pods-H-Bazaar.release.xcconfig */;
			buildSettings = {
				ASSETCATALOG_COMPILER_APPICON_NAME = AppIcon;
				CODE_SIGN_STYLE = Automatic;
				INFOPLIST_FILE = "H-Bazaar/Info.plist";
				LD_RUNPATH_SEARCH_PATHS = (
					"$(inherited)",
					"@executable_path/Frameworks",
				);
				PRODUCT_BUNDLE_IDENTIFIER = "com.develop.H-Bazaar";
				PRODUCT_NAME = "$(TARGET_NAME)";
				SWIFT_VERSION = 5.0;
				TARGETED_DEVICE_FAMILY = "1,2";
			};
			name = Release;
		};
		7B56508E243503570003689F /* Debug */ = {
			isa = XCBuildConfiguration;
			baseConfigurationReference = FD4EF4EE3D8DB213B5C78FC3 /* Pods-H-BazaarTests.debug.xcconfig */;
			buildSettings = {
				ALWAYS_EMBED_SWIFT_STANDARD_LIBRARIES = YES;
				BUNDLE_LOADER = "$(TEST_HOST)";
				CODE_SIGN_STYLE = Automatic;
				INFOPLIST_FILE = "H-BazaarTests/Info.plist";
				IPHONEOS_DEPLOYMENT_TARGET = 13.2;
				LD_RUNPATH_SEARCH_PATHS = (
					"$(inherited)",
					"@executable_path/Frameworks",
					"@loader_path/Frameworks",
				);
				PRODUCT_BUNDLE_IDENTIFIER = "com.develop.H-BazaarTests";
				PRODUCT_NAME = "$(TARGET_NAME)";
				SWIFT_VERSION = 5.0;
				TARGETED_DEVICE_FAMILY = "1,2";
				TEST_HOST = "$(BUILT_PRODUCTS_DIR)/H-Bazaar.app/H-Bazaar";
			};
			name = Debug;
		};
		7B56508F243503570003689F /* Release */ = {
			isa = XCBuildConfiguration;
			baseConfigurationReference = A6391AF547919C74563EC38C /* Pods-H-BazaarTests.release.xcconfig */;
			buildSettings = {
				ALWAYS_EMBED_SWIFT_STANDARD_LIBRARIES = YES;
				BUNDLE_LOADER = "$(TEST_HOST)";
				CODE_SIGN_STYLE = Automatic;
				INFOPLIST_FILE = "H-BazaarTests/Info.plist";
				IPHONEOS_DEPLOYMENT_TARGET = 13.2;
				LD_RUNPATH_SEARCH_PATHS = (
					"$(inherited)",
					"@executable_path/Frameworks",
					"@loader_path/Frameworks",
				);
				PRODUCT_BUNDLE_IDENTIFIER = "com.develop.H-BazaarTests";
				PRODUCT_NAME = "$(TARGET_NAME)";
				SWIFT_VERSION = 5.0;
				TARGETED_DEVICE_FAMILY = "1,2";
				TEST_HOST = "$(BUILT_PRODUCTS_DIR)/H-Bazaar.app/H-Bazaar";
			};
			name = Release;
		};
/* End XCBuildConfiguration section */

/* Begin XCConfigurationList section */
		7B565063243503550003689F /* Build configuration list for PBXProject "H-Bazaar" */ = {
			isa = XCConfigurationList;
			buildConfigurations = (
				7B565088243503570003689F /* Debug */,
				7B565089243503570003689F /* Release */,
			);
			defaultConfigurationIsVisible = 0;
			defaultConfigurationName = Release;
		};
		7B56508A243503570003689F /* Build configuration list for PBXNativeTarget "H-Bazaar" */ = {
			isa = XCConfigurationList;
			buildConfigurations = (
				7B56508B243503570003689F /* Debug */,
				7B56508C243503570003689F /* Release */,
			);
			defaultConfigurationIsVisible = 0;
			defaultConfigurationName = Release;
		};
		7B56508D243503570003689F /* Build configuration list for PBXNativeTarget "H-BazaarTests" */ = {
			isa = XCConfigurationList;
			buildConfigurations = (
				7B56508E243503570003689F /* Debug */,
				7B56508F243503570003689F /* Release */,
			);
			defaultConfigurationIsVisible = 0;
			defaultConfigurationName = Release;
		};
/* End XCConfigurationList section */

/* Begin XCVersionGroup section */
		7B565074243503550003689F /* H_Bazaar.xcdatamodeld */ = {
			isa = XCVersionGroup;
			children = (
				7B565075243503550003689F /* H_Bazaar.xcdatamodel */,
			);
			currentVersion = 7B565075243503550003689F /* H_Bazaar.xcdatamodel */;
			path = H_Bazaar.xcdatamodeld;
			sourceTree = "<group>";
			versionGroupType = wrapper.xcdatamodel;
		};
/* End XCVersionGroup section */
	};
	rootObject = 7B565060243503550003689F /* Project object */;
}
