// !$*UTF8*$!
{
	archiveVersion = 1;
	classes = {
	};
	objectVersion = 50;
	objects = {

/* Begin PBXBuildFile section */
		7B56506C243503550003689F /* AppDelegate.swift in Sources */ = {isa = PBXBuildFile; fileRef = 7B56506B243503550003689F /* AppDelegate.swift */; };
		7B56506E243503550003689F /* SceneDelegate.swift in Sources */ = {isa = PBXBuildFile; fileRef = 7B56506D243503550003689F /* SceneDelegate.swift */; };
		7B565073243503550003689F /* Main.storyboard in Resources */ = {isa = PBXBuildFile; fileRef = 7B565071243503550003689F /* Main.storyboard */; };
		7B565076243503550003689F /* H_Bazaar.xcdatamodeld in Sources */ = {isa = PBXBuildFile; fileRef = 7B565074243503550003689F /* H_Bazaar.xcdatamodeld */; };
		7B565078243503570003689F /* Assets.xcassets in Resources */ = {isa = PBXBuildFile; fileRef = 7B565077243503570003689F /* Assets.xcassets */; };
		7B56507B243503570003689F /* LaunchScreen.storyboard in Resources */ = {isa = PBXBuildFile; fileRef = 7B565079243503570003689F /* LaunchScreen.storyboard */; };
		7B565086243503570003689F /* H_BazaarTests.swift in Sources */ = {isa = PBXBuildFile; fileRef = 7B565085243503570003689F /* H_BazaarTests.swift */; };
		7B5650982435BFDB0003689F /* ProductViews.swift in Sources */ = {isa = PBXBuildFile; fileRef = 7B5650912435BFDB0003689F /* ProductViews.swift */; };
		7B5650992435BFDB0003689F /* Categories.swift in Sources */ = {isa = PBXBuildFile; fileRef = 7B5650922435BFDB0003689F /* Categories.swift */; };
		7B56509A2435BFDB0003689F /* Product.swift in Sources */ = {isa = PBXBuildFile; fileRef = 7B5650932435BFDB0003689F /* Product.swift */; };
		7B56509B2435BFDB0003689F /* Rankings.swift in Sources */ = {isa = PBXBuildFile; fileRef = 7B5650942435BFDB0003689F /* Rankings.swift */; };
		7B56509C2435BFDB0003689F /* Tax.swift in Sources */ = {isa = PBXBuildFile; fileRef = 7B5650952435BFDB0003689F /* Tax.swift */; };
		7B56509D2435BFDB0003689F /* ProductsAPIResponse.swift in Sources */ = {isa = PBXBuildFile; fileRef = 7B5650962435BFDB0003689F /* ProductsAPIResponse.swift */; };
		7B56509E2435BFDB0003689F /* Variants.swift in Sources */ = {isa = PBXBuildFile; fileRef = 7B5650972435BFDB0003689F /* Variants.swift */; };
		7BB0B4B72435DE480067798B /* NetworkManager.swift in Sources */ = {isa = PBXBuildFile; fileRef = 7BB0B4B62435DE480067798B /* NetworkManager.swift */; };
		7BB0B4BC2435DFC90067798B /* HBURLSession.swift in Sources */ = {isa = PBXBuildFile; fileRef = 7BB0B4BB2435DFC90067798B /* HBURLSession.swift */; };
		7BB0B4BE2435E0060067798B /* WebserviceHelper.swift in Sources */ = {isa = PBXBuildFile; fileRef = 7BB0B4BD2435E0060067798B /* WebserviceHelper.swift */; };
		7BB0B4C02435E05F0067798B /* AppConstants.swift in Sources */ = {isa = PBXBuildFile; fileRef = 7BB0B4BF2435E05F0067798B /* AppConstants.swift */; };
		7BB0B4C22435E0BA0067798B /* HomeViewController.swift in Sources */ = {isa = PBXBuildFile; fileRef = 7BB0B4C12435E0BA0067798B /* HomeViewController.swift */; };
		7BB0B4C52435E0DA0067798B /* HomeViewModel.swift in Sources */ = {isa = PBXBuildFile; fileRef = 7BB0B4C42435E0DA0067798B /* HomeViewModel.swift */; };
		7BB0B4C72435E2550067798B /* CoreDataManager.swift in Sources */ = {isa = PBXBuildFile; fileRef = 7BB0B4C62435E2550067798B /* CoreDataManager.swift */; };
		7BB0B4FA24361DFB0067798B /* Helper.swift in Sources */ = {isa = PBXBuildFile; fileRef = 7BB0B4F924361DFB0067798B /* Helper.swift */; };
		7BB0B53524362D7D0067798B /* ProductViews+CoreDataClass.swift in Sources */ = {isa = PBXBuildFile; fileRef = 7BB0B52724362D7D0067798B /* ProductViews+CoreDataClass.swift */; };
		7BB0B53724362D7D0067798B /* Category+CoreDataClass.swift in Sources */ = {isa = PBXBuildFile; fileRef = 7BB0B52924362D7D0067798B /* Category+CoreDataClass.swift */; };
		7BB0B53824362D7D0067798B /* Category+CoreDataProperties.swift in Sources */ = {isa = PBXBuildFile; fileRef = 7BB0B52A24362D7D0067798B /* Category+CoreDataProperties.swift */; };
		7BB0B53924362D7D0067798B /* Variant+CoreDataClass.swift in Sources */ = {isa = PBXBuildFile; fileRef = 7BB0B52B24362D7D0067798B /* Variant+CoreDataClass.swift */; };
		7BB0B53A24362D7D0067798B /* Variant+CoreDataProperties.swift in Sources */ = {isa = PBXBuildFile; fileRef = 7BB0B52C24362D7D0067798B /* Variant+CoreDataProperties.swift */; };
		7BB0B53B24362D7D0067798B /* Product+CoreDataClass.swift in Sources */ = {isa = PBXBuildFile; fileRef = 7BB0B52D24362D7D0067798B /* Product+CoreDataClass.swift */; };
		7BB0B53C24362D7D0067798B /* Product+CoreDataProperties.swift in Sources */ = {isa = PBXBuildFile; fileRef = 7BB0B52E24362D7D0067798B /* Product+CoreDataProperties.swift */; };
		7BB0B53D24362D7D0067798B /* Ranking+CoreDataClass.swift in Sources */ = {isa = PBXBuildFile; fileRef = 7BB0B52F24362D7D0067798B /* Ranking+CoreDataClass.swift */; };
		7BB0B53E24362D7D0067798B /* Ranking+CoreDataProperties.swift in Sources */ = {isa = PBXBuildFile; fileRef = 7BB0B53024362D7D0067798B /* Ranking+CoreDataProperties.swift */; };
		7BB0B53F24362D7D0067798B /* ChildCategory+CoreDataClass.swift in Sources */ = {isa = PBXBuildFile; fileRef = 7BB0B53124362D7D0067798B /* ChildCategory+CoreDataClass.swift */; };
		7BB0B54124362D7D0067798B /* Tax+CoreDataClass.swift in Sources */ = {isa = PBXBuildFile; fileRef = 7BB0B53324362D7D0067798B /* Tax+CoreDataClass.swift */; };
		7BB0B54224362D7E0067798B /* Tax+CoreDataProperties.swift in Sources */ = {isa = PBXBuildFile; fileRef = 7BB0B53424362D7D0067798B /* Tax+CoreDataProperties.swift */; };
		7BB0B54524362E190067798B /* ProductViews+CoreDataProperties.swift in Sources */ = {isa = PBXBuildFile; fileRef = 7BB0B54324362E190067798B /* ProductViews+CoreDataProperties.swift */; };
		7BB0B54624362E190067798B /* ChildCategory+CoreDataProperties.swift in Sources */ = {isa = PBXBuildFile; fileRef = 7BB0B54424362E190067798B /* ChildCategory+CoreDataProperties.swift */; };
/* End PBXBuildFile section */

/* Begin PBXContainerItemProxy section */
		7B565082243503570003689F /* PBXContainerItemProxy */ = {
			isa = PBXContainerItemProxy;
			containerPortal = 7B565060243503550003689F /* Project object */;
			proxyType = 1;
			remoteGlobalIDString = 7B565067243503550003689F;
			remoteInfo = "H-Bazaar";
		};
/* End PBXContainerItemProxy section */

/* Begin PBXFileReference section */
		7B565068243503550003689F /* H-Bazaar.app */ = {isa = PBXFileReference; explicitFileType = wrapper.application; includeInIndex = 0; path = "H-Bazaar.app"; sourceTree = BUILT_PRODUCTS_DIR; };
		7B56506B243503550003689F /* AppDelegate.swift */ = {isa = PBXFileReference; lastKnownFileType = sourcecode.swift; path = AppDelegate.swift; sourceTree = "<group>"; };
		7B56506D243503550003689F /* SceneDelegate.swift */ = {isa = PBXFileReference; lastKnownFileType = sourcecode.swift; path = SceneDelegate.swift; sourceTree = "<group>"; };
		7B565072243503550003689F /* Base */ = {isa = PBXFileReference; lastKnownFileType = file.storyboard; name = Base; path = Base.lproj/Main.storyboard; sourceTree = "<group>"; };
		7B565075243503550003689F /* H_Bazaar.xcdatamodel */ = {isa = PBXFileReference; lastKnownFileType = wrapper.xcdatamodel; path = H_Bazaar.xcdatamodel; sourceTree = "<group>"; };
		7B565077243503570003689F /* Assets.xcassets */ = {isa = PBXFileReference; lastKnownFileType = folder.assetcatalog; path = Assets.xcassets; sourceTree = "<group>"; };
		7B56507A243503570003689F /* Base */ = {isa = PBXFileReference; lastKnownFileType = file.storyboard; name = Base; path = Base.lproj/LaunchScreen.storyboard; sourceTree = "<group>"; };
		7B56507C243503570003689F /* Info.plist */ = {isa = PBXFileReference; lastKnownFileType = text.plist.xml; path = Info.plist; sourceTree = "<group>"; };
		7B565081243503570003689F /* H-BazaarTests.xctest */ = {isa = PBXFileReference; explicitFileType = wrapper.cfbundle; includeInIndex = 0; path = "H-BazaarTests.xctest"; sourceTree = BUILT_PRODUCTS_DIR; };
		7B565085243503570003689F /* H_BazaarTests.swift */ = {isa = PBXFileReference; lastKnownFileType = sourcecode.swift; path = H_BazaarTests.swift; sourceTree = "<group>"; };
		7B565087243503570003689F /* Info.plist */ = {isa = PBXFileReference; lastKnownFileType = text.plist.xml; path = Info.plist; sourceTree = "<group>"; };
		7B5650912435BFDB0003689F /* ProductViews.swift */ = {isa = PBXFileReference; fileEncoding = 4; lastKnownFileType = sourcecode.swift; path = ProductViews.swift; sourceTree = "<group>"; };
		7B5650922435BFDB0003689F /* Categories.swift */ = {isa = PBXFileReference; fileEncoding = 4; lastKnownFileType = sourcecode.swift; path = Categories.swift; sourceTree = "<group>"; };
		7B5650932435BFDB0003689F /* Product.swift */ = {isa = PBXFileReference; fileEncoding = 4; lastKnownFileType = sourcecode.swift; path = Product.swift; sourceTree = "<group>"; };
		7B5650942435BFDB0003689F /* Rankings.swift */ = {isa = PBXFileReference; fileEncoding = 4; lastKnownFileType = sourcecode.swift; path = Rankings.swift; sourceTree = "<group>"; };
		7B5650952435BFDB0003689F /* Tax.swift */ = {isa = PBXFileReference; fileEncoding = 4; lastKnownFileType = sourcecode.swift; path = Tax.swift; sourceTree = "<group>"; };
		7B5650962435BFDB0003689F /* ProductsAPIResponse.swift */ = {isa = PBXFileReference; fileEncoding = 4; lastKnownFileType = sourcecode.swift; path = ProductsAPIResponse.swift; sourceTree = "<group>"; };
		7B5650972435BFDB0003689F /* Variants.swift */ = {isa = PBXFileReference; fileEncoding = 4; lastKnownFileType = sourcecode.swift; path = Variants.swift; sourceTree = "<group>"; };
		7BB0B4B62435DE480067798B /* NetworkManager.swift */ = {isa = PBXFileReference; lastKnownFileType = sourcecode.swift; path = NetworkManager.swift; sourceTree = "<group>"; };
		7BB0B4BB2435DFC90067798B /* HBURLSession.swift */ = {isa = PBXFileReference; lastKnownFileType = sourcecode.swift; path = HBURLSession.swift; sourceTree = "<group>"; };
		7BB0B4BD2435E0060067798B /* WebserviceHelper.swift */ = {isa = PBXFileReference; lastKnownFileType = sourcecode.swift; path = WebserviceHelper.swift; sourceTree = "<group>"; };
		7BB0B4BF2435E05F0067798B /* AppConstants.swift */ = {isa = PBXFileReference; lastKnownFileType = sourcecode.swift; path = AppConstants.swift; sourceTree = "<group>"; };
		7BB0B4C12435E0BA0067798B /* HomeViewController.swift */ = {isa = PBXFileReference; lastKnownFileType = sourcecode.swift; path = HomeViewController.swift; sourceTree = "<group>"; };
		7BB0B4C42435E0DA0067798B /* HomeViewModel.swift */ = {isa = PBXFileReference; lastKnownFileType = sourcecode.swift; path = HomeViewModel.swift; sourceTree = "<group>"; };
		7BB0B4C62435E2550067798B /* CoreDataManager.swift */ = {isa = PBXFileReference; lastKnownFileType = sourcecode.swift; path = CoreDataManager.swift; sourceTree = "<group>"; };
		7BB0B4F924361DFB0067798B /* Helper.swift */ = {isa = PBXFileReference; lastKnownFileType = sourcecode.swift; path = Helper.swift; sourceTree = "<group>"; };
		7BB0B52724362D7D0067798B /* ProductViews+CoreDataClass.swift */ = {isa = PBXFileReference; lastKnownFileType = sourcecode.swift; path = "ProductViews+CoreDataClass.swift"; sourceTree = "<group>"; };
		7BB0B52924362D7D0067798B /* Category+CoreDataClass.swift */ = {isa = PBXFileReference; lastKnownFileType = sourcecode.swift; path = "Category+CoreDataClass.swift"; sourceTree = "<group>"; };
		7BB0B52A24362D7D0067798B /* Category+CoreDataProperties.swift */ = {isa = PBXFileReference; lastKnownFileType = sourcecode.swift; path = "Category+CoreDataProperties.swift"; sourceTree = "<group>"; };
		7BB0B52B24362D7D0067798B /* Variant+CoreDataClass.swift */ = {isa = PBXFileReference; lastKnownFileType = sourcecode.swift; path = "Variant+CoreDataClass.swift"; sourceTree = "<group>"; };
		7BB0B52C24362D7D0067798B /* Variant+CoreDataProperties.swift */ = {isa = PBXFileReference; lastKnownFileType = sourcecode.swift; path = "Variant+CoreDataProperties.swift"; sourceTree = "<group>"; };
		7BB0B52D24362D7D0067798B /* Product+CoreDataClass.swift */ = {isa = PBXFileReference; lastKnownFileType = sourcecode.swift; path = "Product+CoreDataClass.swift"; sourceTree = "<group>"; };
		7BB0B52E24362D7D0067798B /* Product+CoreDataProperties.swift */ = {isa = PBXFileReference; lastKnownFileType = sourcecode.swift; path = "Product+CoreDataProperties.swift"; sourceTree = "<group>"; };
		7BB0B52F24362D7D0067798B /* Ranking+CoreDataClass.swift */ = {isa = PBXFileReference; lastKnownFileType = sourcecode.swift; path = "Ranking+CoreDataClass.swift"; sourceTree = "<group>"; };
		7BB0B53024362D7D0067798B /* Ranking+CoreDataProperties.swift */ = {isa = PBXFileReference; lastKnownFileType = sourcecode.swift; path = "Ranking+CoreDataProperties.swift"; sourceTree = "<group>"; };
		7BB0B53124362D7D0067798B /* ChildCategory+CoreDataClass.swift */ = {isa = PBXFileReference; lastKnownFileType = sourcecode.swift; path = "ChildCategory+CoreDataClass.swift"; sourceTree = "<group>"; };
		7BB0B53324362D7D0067798B /* Tax+CoreDataClass.swift */ = {isa = PBXFileReference; lastKnownFileType = sourcecode.swift; path = "Tax+CoreDataClass.swift"; sourceTree = "<group>"; };
		7BB0B53424362D7D0067798B /* Tax+CoreDataProperties.swift */ = {isa = PBXFileReference; lastKnownFileType = sourcecode.swift; path = "Tax+CoreDataProperties.swift"; sourceTree = "<group>"; };
		7BB0B54324362E190067798B /* ProductViews+CoreDataProperties.swift */ = {isa = PBXFileReference; lastKnownFileType = sourcecode.swift; path = "ProductViews+CoreDataProperties.swift"; sourceTree = "<group>"; };
		7BB0B54424362E190067798B /* ChildCategory+CoreDataProperties.swift */ = {isa = PBXFileReference; lastKnownFileType = sourcecode.swift; path = "ChildCategory+CoreDataProperties.swift"; sourceTree = "<group>"; };
/* End PBXFileReference section */

/* Begin PBXFrameworksBuildPhase section */
		7B565065243503550003689F /* Frameworks */ = {
			isa = PBXFrameworksBuildPhase;
			buildActionMask = 2147483647;
			files = (
			);
			runOnlyForDeploymentPostprocessing = 0;
		};
		7B56507E243503570003689F /* Frameworks */ = {
			isa = PBXFrameworksBuildPhase;
			buildActionMask = 2147483647;
			files = (
			);
			runOnlyForDeploymentPostprocessing = 0;
		};
/* End PBXFrameworksBuildPhase section */

/* Begin PBXGroup section */
		7B56505F243503550003689F = {
			isa = PBXGroup;
			children = (
				7B56506A243503550003689F /* H-Bazaar */,
				7B565084243503570003689F /* H-BazaarTests */,
				7B565069243503550003689F /* Products */,
			);
			sourceTree = "<group>";
		};
		7B565069243503550003689F /* Products */ = {
			isa = PBXGroup;
			children = (
				7B565068243503550003689F /* H-Bazaar.app */,
				7B565081243503570003689F /* H-BazaarTests.xctest */,
			);
			name = Products;
			sourceTree = "<group>";
		};
		7B56506A243503550003689F /* H-Bazaar */ = {
			isa = PBXGroup;
			children = (
				7B5650A02435C0040003689F /* Application */,
				7BB0B4B52435DDC90067798B /* Network */,
				7B56509F2435BFE60003689F /* Views */,
				7BB0B4C32435E0CA0067798B /* ViewModels */,
				7B5650902435BFBB0003689F /* ResponseModels */,
				7BB0B4B82435DE4F0067798B /* Utils */,
				7B5650A12435C17B0003689F /* CoreData */,
				7B565077243503570003689F /* Assets.xcassets */,
				7B56507C243503570003689F /* Info.plist */,
			);
			path = "H-Bazaar";
			sourceTree = "<group>";
		};
		7B565084243503570003689F /* H-BazaarTests */ = {
			isa = PBXGroup;
			children = (
				7B565085243503570003689F /* H_BazaarTests.swift */,
				7B565087243503570003689F /* Info.plist */,
			);
			path = "H-BazaarTests";
			sourceTree = "<group>";
		};
		7B5650902435BFBB0003689F /* ResponseModels */ = {
			isa = PBXGroup;
			children = (
				7B5650922435BFDB0003689F /* Categories.swift */,
				7B5650932435BFDB0003689F /* Product.swift */,
				7B5650962435BFDB0003689F /* ProductsAPIResponse.swift */,
				7B5650912435BFDB0003689F /* ProductViews.swift */,
				7B5650942435BFDB0003689F /* Rankings.swift */,
				7B5650952435BFDB0003689F /* Tax.swift */,
				7B5650972435BFDB0003689F /* Variants.swift */,
			);
			path = ResponseModels;
			sourceTree = "<group>";
		};
		7B56509F2435BFE60003689F /* Views */ = {
			isa = PBXGroup;
			children = (
				7B565071243503550003689F /* Main.storyboard */,
				7B565079243503570003689F /* LaunchScreen.storyboard */,
				7BB0B4C12435E0BA0067798B /* HomeViewController.swift */,
			);
			path = Views;
			sourceTree = "<group>";
		};
		7B5650A02435C0040003689F /* Application */ = {
			isa = PBXGroup;
			children = (
				7B56506B243503550003689F /* AppDelegate.swift */,
				7B56506D243503550003689F /* SceneDelegate.swift */,
			);
			path = Application;
			sourceTree = "<group>";
		};
		7B5650A12435C17B0003689F /* CoreData */ = {
			isa = PBXGroup;
			children = (
				7BB0B4F82435E9870067798B /* Models */,
				7BB0B4C62435E2550067798B /* CoreDataManager.swift */,
				7B565074243503550003689F /* H_Bazaar.xcdatamodeld */,
			);
			path = CoreData;
			sourceTree = "<group>";
		};
		7BB0B4B52435DDC90067798B /* Network */ = {
			isa = PBXGroup;
			children = (
				7BB0B4B62435DE480067798B /* NetworkManager.swift */,
				7BB0B4BD2435E0060067798B /* WebserviceHelper.swift */,
			);
			path = Network;
			sourceTree = "<group>";
		};
		7BB0B4B82435DE4F0067798B /* Utils */ = {
			isa = PBXGroup;
			children = (
				7BB0B4B92435DFAC0067798B /* Network */,
				7BB0B4BF2435E05F0067798B /* AppConstants.swift */,
				7BB0B4F924361DFB0067798B /* Helper.swift */,
			);
			path = Utils;
			sourceTree = "<group>";
		};
		7BB0B4B92435DFAC0067798B /* Network */ = {
			isa = PBXGroup;
			children = (
				7BB0B4BB2435DFC90067798B /* HBURLSession.swift */,
			);
			path = Network;
			sourceTree = "<group>";
		};
		7BB0B4C32435E0CA0067798B /* ViewModels */ = {
			isa = PBXGroup;
			children = (
				7BB0B4C42435E0DA0067798B /* HomeViewModel.swift */,
			);
			path = ViewModels;
			sourceTree = "<group>";
		};
		7BB0B4F82435E9870067798B /* Models */ = {
			isa = PBXGroup;
			children = (
				7BB0B54324362E190067798B /* ProductViews+CoreDataProperties.swift */,
				7BB0B52724362D7D0067798B /* ProductViews+CoreDataClass.swift */,
				7BB0B52924362D7D0067798B /* Category+CoreDataClass.swift */,
				7BB0B52A24362D7D0067798B /* Category+CoreDataProperties.swift */,
				7BB0B52B24362D7D0067798B /* Variant+CoreDataClass.swift */,
				7BB0B52C24362D7D0067798B /* Variant+CoreDataProperties.swift */,
				7BB0B52D24362D7D0067798B /* Product+CoreDataClass.swift */,
				7BB0B52E24362D7D0067798B /* Product+CoreDataProperties.swift */,
				7BB0B52F24362D7D0067798B /* Ranking+CoreDataClass.swift */,
				7BB0B53024362D7D0067798B /* Ranking+CoreDataProperties.swift */,
				7BB0B54424362E190067798B /* ChildCategory+CoreDataProperties.swift */,
				7BB0B53124362D7D0067798B /* ChildCategory+CoreDataClass.swift */,
				7BB0B53324362D7D0067798B /* Tax+CoreDataClass.swift */,
				7BB0B53424362D7D0067798B /* Tax+CoreDataProperties.swift */,
			);
			path = Models;
			sourceTree = "<group>";
		};
/* End PBXGroup section */

/* Begin PBXNativeTarget section */
		7B565067243503550003689F /* H-Bazaar */ = {
			isa = PBXNativeTarget;
			buildConfigurationList = 7B56508A243503570003689F /* Build configuration list for PBXNativeTarget "H-Bazaar" */;
			buildPhases = (
				7B565064243503550003689F /* Sources */,
				7B565065243503550003689F /* Frameworks */,
				7B565066243503550003689F /* Resources */,
			);
			buildRules = (
			);
			dependencies = (
			);
			name = "H-Bazaar";
			productName = "H-Bazaar";
			productReference = 7B565068243503550003689F /* H-Bazaar.app */;
			productType = "com.apple.product-type.application";
		};
		7B565080243503570003689F /* H-BazaarTests */ = {
			isa = PBXNativeTarget;
			buildConfigurationList = 7B56508D243503570003689F /* Build configuration list for PBXNativeTarget "H-BazaarTests" */;
			buildPhases = (
				7B56507D243503570003689F /* Sources */,
				7B56507E243503570003689F /* Frameworks */,
				7B56507F243503570003689F /* Resources */,
			);
			buildRules = (
			);
			dependencies = (
				7B565083243503570003689F /* PBXTargetDependency */,
			);
			name = "H-BazaarTests";
			productName = "H-BazaarTests";
			productReference = 7B565081243503570003689F /* H-BazaarTests.xctest */;
			productType = "com.apple.product-type.bundle.unit-test";
		};
/* End PBXNativeTarget section */

/* Begin PBXProject section */
		7B565060243503550003689F /* Project object */ = {
			isa = PBXProject;
			attributes = {
				LastSwiftUpdateCheck = 1130;
				LastUpgradeCheck = 1130;
				ORGANIZATIONNAME = "Pallav Trivedi";
				TargetAttributes = {
					7B565067243503550003689F = {
						CreatedOnToolsVersion = 11.3.1;
					};
					7B565080243503570003689F = {
						CreatedOnToolsVersion = 11.3.1;
						TestTargetID = 7B565067243503550003689F;
					};
				};
			};
			buildConfigurationList = 7B565063243503550003689F /* Build configuration list for PBXProject "H-Bazaar" */;
			compatibilityVersion = "Xcode 9.3";
			developmentRegion = en;
			hasScannedForEncodings = 0;
			knownRegions = (
				en,
				Base,
			);
			mainGroup = 7B56505F243503550003689F;
			productRefGroup = 7B565069243503550003689F /* Products */;
			projectDirPath = "";
			projectRoot = "";
			targets = (
				7B565067243503550003689F /* H-Bazaar */,
				7B565080243503570003689F /* H-BazaarTests */,
			);
		};
/* End PBXProject section */

/* Begin PBXResourcesBuildPhase section */
		7B565066243503550003689F /* Resources */ = {
			isa = PBXResourcesBuildPhase;
			buildActionMask = 2147483647;
			files = (
				7B56507B243503570003689F /* LaunchScreen.storyboard in Resources */,
				7B565078243503570003689F /* Assets.xcassets in Resources */,
				7B565073243503550003689F /* Main.storyboard in Resources */,
			);
			runOnlyForDeploymentPostprocessing = 0;
		};
		7B56507F243503570003689F /* Resources */ = {
			isa = PBXResourcesBuildPhase;
			buildActionMask = 2147483647;
			files = (
			);
			runOnlyForDeploymentPostprocessing = 0;
		};
/* End PBXResourcesBuildPhase section */

/* Begin PBXSourcesBuildPhase section */
		7B565064243503550003689F /* Sources */ = {
			isa = PBXSourcesBuildPhase;
			buildActionMask = 2147483647;
			files = (
				7BB0B53F24362D7D0067798B /* ChildCategory+CoreDataClass.swift in Sources */,
				7BB0B53C24362D7D0067798B /* Product+CoreDataProperties.swift in Sources */,
				7BB0B54524362E190067798B /* ProductViews+CoreDataProperties.swift in Sources */,
				7BB0B4B72435DE480067798B /* NetworkManager.swift in Sources */,
				7BB0B4BE2435E0060067798B /* WebserviceHelper.swift in Sources */,
				7BB0B4BC2435DFC90067798B /* HBURLSession.swift in Sources */,
				7BB0B4C52435E0DA0067798B /* HomeViewModel.swift in Sources */,
				7BB0B4C72435E2550067798B /* CoreDataManager.swift in Sources */,
				7BB0B4C02435E05F0067798B /* AppConstants.swift in Sources */,
				7B5650982435BFDB0003689F /* ProductViews.swift in Sources */,
				7B565076243503550003689F /* H_Bazaar.xcdatamodeld in Sources */,
				7B56506C243503550003689F /* AppDelegate.swift in Sources */,
				7BB0B4FA24361DFB0067798B /* Helper.swift in Sources */,
				7B56506E243503550003689F /* SceneDelegate.swift in Sources */,
				7BB0B53E24362D7D0067798B /* Ranking+CoreDataProperties.swift in Sources */,
				7B5650992435BFDB0003689F /* Categories.swift in Sources */,
				7BB0B53524362D7D0067798B /* ProductViews+CoreDataClass.swift in Sources */,
				7BB0B53B24362D7D0067798B /* Product+CoreDataClass.swift in Sources */,
				7B56509C2435BFDB0003689F /* Tax.swift in Sources */,
				7BB0B4C22435E0BA0067798B /* HomeViewController.swift in Sources */,
				7B56509B2435BFDB0003689F /* Rankings.swift in Sources */,
				7BB0B53D24362D7D0067798B /* Ranking+CoreDataClass.swift in Sources */,
				7BB0B53724362D7D0067798B /* Category+CoreDataClass.swift in Sources */,
				7BB0B54124362D7D0067798B /* Tax+CoreDataClass.swift in Sources */,
				7BB0B53824362D7D0067798B /* Category+CoreDataProperties.swift in Sources */,
				7BB0B53924362D7D0067798B /* Variant+CoreDataClass.swift in Sources */,
				7B56509A2435BFDB0003689F /* Product.swift in Sources */,
				7B56509E2435BFDB0003689F /* Variants.swift in Sources */,
				7BB0B53A24362D7D0067798B /* Variant+CoreDataProperties.swift in Sources */,
				7B56509D2435BFDB0003689F /* ProductsAPIResponse.swift in Sources */,
				7BB0B54624362E190067798B /* ChildCategory+CoreDataProperties.swift in Sources */,
				7BB0B54224362D7E0067798B /* Tax+CoreDataProperties.swift in Sources */,
			);
			runOnlyForDeploymentPostprocessing = 0;
		};
		7B56507D243503570003689F /* Sources */ = {
			isa = PBXSourcesBuildPhase;
			buildActionMask = 2147483647;
			files = (
				7B565086243503570003689F /* H_BazaarTests.swift in Sources */,
			);
			runOnlyForDeploymentPostprocessing = 0;
		};
/* End PBXSourcesBuildPhase section */

/* Begin PBXTargetDependency section */
		7B565083243503570003689F /* PBXTargetDependency */ = {
			isa = PBXTargetDependency;
			target = 7B565067243503550003689F /* H-Bazaar */;
			targetProxy = 7B565082243503570003689F /* PBXContainerItemProxy */;
		};
/* End PBXTargetDependency section */

/* Begin PBXVariantGroup section */
		7B565071243503550003689F /* Main.storyboard */ = {
			isa = PBXVariantGroup;
			children = (
				7B565072243503550003689F /* Base */,
			);
			name = Main.storyboard;
			sourceTree = "<group>";
		};
		7B565079243503570003689F /* LaunchScreen.storyboard */ = {
			isa = PBXVariantGroup;
			children = (
				7B56507A243503570003689F /* Base */,
			);
			name = LaunchScreen.storyboard;
			sourceTree = "<group>";
		};
/* End PBXVariantGroup section */

/* Begin XCBuildConfiguration section */
		7B565088243503570003689F /* Debug */ = {
			isa = XCBuildConfiguration;
			buildSettings = {
				ALWAYS_SEARCH_USER_PATHS = NO;
				CLANG_ANALYZER_NONNULL = YES;
				CLANG_ANALYZER_NUMBER_OBJECT_CONVERSION = YES_AGGRESSIVE;
				CLANG_CXX_LANGUAGE_STANDARD = "gnu++14";
				CLANG_CXX_LIBRARY = "libc++";
				CLANG_ENABLE_MODULES = YES;
				CLANG_ENABLE_OBJC_ARC = YES;
				CLANG_ENABLE_OBJC_WEAK = YES;
				CLANG_WARN_BLOCK_CAPTURE_AUTORELEASING = YES;
				CLANG_WARN_BOOL_CONVERSION = YES;
				CLANG_WARN_COMMA = YES;
				CLANG_WARN_CONSTANT_CONVERSION = YES;
				CLANG_WARN_DEPRECATED_OBJC_IMPLEMENTATIONS = YES;
				CLANG_WARN_DIRECT_OBJC_ISA_USAGE = YES_ERROR;
				CLANG_WARN_DOCUMENTATION_COMMENTS = YES;
				CLANG_WARN_EMPTY_BODY = YES;
				CLANG_WARN_ENUM_CONVERSION = YES;
				CLANG_WARN_INFINITE_RECURSION = YES;
				CLANG_WARN_INT_CONVERSION = YES;
				CLANG_WARN_NON_LITERAL_NULL_CONVERSION = YES;
				CLANG_WARN_OBJC_IMPLICIT_RETAIN_SELF = YES;
				CLANG_WARN_OBJC_LITERAL_CONVERSION = YES;
				CLANG_WARN_OBJC_ROOT_CLASS = YES_ERROR;
				CLANG_WARN_RANGE_LOOP_ANALYSIS = YES;
				CLANG_WARN_STRICT_PROTOTYPES = YES;
				CLANG_WARN_SUSPICIOUS_MOVE = YES;
				CLANG_WARN_UNGUARDED_AVAILABILITY = YES_AGGRESSIVE;
				CLANG_WARN_UNREACHABLE_CODE = YES;
				CLANG_WARN__DUPLICATE_METHOD_MATCH = YES;
				COPY_PHASE_STRIP = NO;
				DEBUG_INFORMATION_FORMAT = dwarf;
				ENABLE_STRICT_OBJC_MSGSEND = YES;
				ENABLE_TESTABILITY = YES;
				GCC_C_LANGUAGE_STANDARD = gnu11;
				GCC_DYNAMIC_NO_PIC = NO;
				GCC_NO_COMMON_BLOCKS = YES;
				GCC_OPTIMIZATION_LEVEL = 0;
				GCC_PREPROCESSOR_DEFINITIONS = (
					"DEBUG=1",
					"$(inherited)",
				);
				GCC_WARN_64_TO_32_BIT_CONVERSION = YES;
				GCC_WARN_ABOUT_RETURN_TYPE = YES_ERROR;
				GCC_WARN_UNDECLARED_SELECTOR = YES;
				GCC_WARN_UNINITIALIZED_AUTOS = YES_AGGRESSIVE;
				GCC_WARN_UNUSED_FUNCTION = YES;
				GCC_WARN_UNUSED_VARIABLE = YES;
				IPHONEOS_DEPLOYMENT_TARGET = 13.2;
				MTL_ENABLE_DEBUG_INFO = INCLUDE_SOURCE;
				MTL_FAST_MATH = YES;
				ONLY_ACTIVE_ARCH = YES;
				SDKROOT = iphoneos;
				SWIFT_ACTIVE_COMPILATION_CONDITIONS = DEBUG;
				SWIFT_OPTIMIZATION_LEVEL = "-Onone";
			};
			name = Debug;
		};
		7B565089243503570003689F /* Release */ = {
			isa = XCBuildConfiguration;
			buildSettings = {
				ALWAYS_SEARCH_USER_PATHS = NO;
				CLANG_ANALYZER_NONNULL = YES;
				CLANG_ANALYZER_NUMBER_OBJECT_CONVERSION = YES_AGGRESSIVE;
				CLANG_CXX_LANGUAGE_STANDARD = "gnu++14";
				CLANG_CXX_LIBRARY = "libc++";
				CLANG_ENABLE_MODULES = YES;
				CLANG_ENABLE_OBJC_ARC = YES;
				CLANG_ENABLE_OBJC_WEAK = YES;
				CLANG_WARN_BLOCK_CAPTURE_AUTORELEASING = YES;
				CLANG_WARN_BOOL_CONVERSION = YES;
				CLANG_WARN_COMMA = YES;
				CLANG_WARN_CONSTANT_CONVERSION = YES;
				CLANG_WARN_DEPRECATED_OBJC_IMPLEMENTATIONS = YES;
				CLANG_WARN_DIRECT_OBJC_ISA_USAGE = YES_ERROR;
				CLANG_WARN_DOCUMENTATION_COMMENTS = YES;
				CLANG_WARN_EMPTY_BODY = YES;
				CLANG_WARN_ENUM_CONVERSION = YES;
				CLANG_WARN_INFINITE_RECURSION = YES;
				CLANG_WARN_INT_CONVERSION = YES;
				CLANG_WARN_NON_LITERAL_NULL_CONVERSION = YES;
				CLANG_WARN_OBJC_IMPLICIT_RETAIN_SELF = YES;
				CLANG_WARN_OBJC_LITERAL_CONVERSION = YES;
				CLANG_WARN_OBJC_ROOT_CLASS = YES_ERROR;
				CLANG_WARN_RANGE_LOOP_ANALYSIS = YES;
				CLANG_WARN_STRICT_PROTOTYPES = YES;
				CLANG_WARN_SUSPICIOUS_MOVE = YES;
				CLANG_WARN_UNGUARDED_AVAILABILITY = YES_AGGRESSIVE;
				CLANG_WARN_UNREACHABLE_CODE = YES;
				CLANG_WARN__DUPLICATE_METHOD_MATCH = YES;
				COPY_PHASE_STRIP = NO;
				DEBUG_INFORMATION_FORMAT = "dwarf-with-dsym";
				ENABLE_NS_ASSERTIONS = NO;
				ENABLE_STRICT_OBJC_MSGSEND = YES;
				GCC_C_LANGUAGE_STANDARD = gnu11;
				GCC_NO_COMMON_BLOCKS = YES;
				GCC_WARN_64_TO_32_BIT_CONVERSION = YES;
				GCC_WARN_ABOUT_RETURN_TYPE = YES_ERROR;
				GCC_WARN_UNDECLARED_SELECTOR = YES;
				GCC_WARN_UNINITIALIZED_AUTOS = YES_AGGRESSIVE;
				GCC_WARN_UNUSED_FUNCTION = YES;
				GCC_WARN_UNUSED_VARIABLE = YES;
				IPHONEOS_DEPLOYMENT_TARGET = 13.2;
				MTL_ENABLE_DEBUG_INFO = NO;
				MTL_FAST_MATH = YES;
				SDKROOT = iphoneos;
				SWIFT_COMPILATION_MODE = wholemodule;
				SWIFT_OPTIMIZATION_LEVEL = "-O";
				VALIDATE_PRODUCT = YES;
			};
			name = Release;
		};
		7B56508B243503570003689F /* Debug */ = {
			isa = XCBuildConfiguration;
			buildSettings = {
				ASSETCATALOG_COMPILER_APPICON_NAME = AppIcon;
				CODE_SIGN_STYLE = Automatic;
				INFOPLIST_FILE = "H-Bazaar/Info.plist";
				LD_RUNPATH_SEARCH_PATHS = (
					"$(inherited)",
					"@executable_path/Frameworks",
				);
				PRODUCT_BUNDLE_IDENTIFIER = "com.develop.H-Bazaar";
				PRODUCT_NAME = "$(TARGET_NAME)";
				SWIFT_VERSION = 5.0;
				TARGETED_DEVICE_FAMILY = "1,2";
			};
			name = Debug;
		};
		7B56508C243503570003689F /* Release */ = {
			isa = XCBuildConfiguration;
			buildSettings = {
				ASSETCATALOG_COMPILER_APPICON_NAME = AppIcon;
				CODE_SIGN_STYLE = Automatic;
				INFOPLIST_FILE = "H-Bazaar/Info.plist";
				LD_RUNPATH_SEARCH_PATHS = (
					"$(inherited)",
					"@executable_path/Frameworks",
				);
				PRODUCT_BUNDLE_IDENTIFIER = "com.develop.H-Bazaar";
				PRODUCT_NAME = "$(TARGET_NAME)";
				SWIFT_VERSION = 5.0;
				TARGETED_DEVICE_FAMILY = "1,2";
			};
			name = Release;
		};
		7B56508E243503570003689F /* Debug */ = {
			isa = XCBuildConfiguration;
			buildSettings = {
				ALWAYS_EMBED_SWIFT_STANDARD_LIBRARIES = YES;
				BUNDLE_LOADER = "$(TEST_HOST)";
				CODE_SIGN_STYLE = Automatic;
				INFOPLIST_FILE = "H-BazaarTests/Info.plist";
				IPHONEOS_DEPLOYMENT_TARGET = 13.2;
				LD_RUNPATH_SEARCH_PATHS = (
					"$(inherited)",
					"@executable_path/Frameworks",
					"@loader_path/Frameworks",
				);
				PRODUCT_BUNDLE_IDENTIFIER = "com.develop.H-BazaarTests";
				PRODUCT_NAME = "$(TARGET_NAME)";
				SWIFT_VERSION = 5.0;
				TARGETED_DEVICE_FAMILY = "1,2";
				TEST_HOST = "$(BUILT_PRODUCTS_DIR)/H-Bazaar.app/H-Bazaar";
			};
			name = Debug;
		};
		7B56508F243503570003689F /* Release */ = {
			isa = XCBuildConfiguration;
			buildSettings = {
				ALWAYS_EMBED_SWIFT_STANDARD_LIBRARIES = YES;
				BUNDLE_LOADER = "$(TEST_HOST)";
				CODE_SIGN_STYLE = Automatic;
				INFOPLIST_FILE = "H-BazaarTests/Info.plist";
				IPHONEOS_DEPLOYMENT_TARGET = 13.2;
				LD_RUNPATH_SEARCH_PATHS = (
					"$(inherited)",
					"@executable_path/Frameworks",
					"@loader_path/Frameworks",
				);
				PRODUCT_BUNDLE_IDENTIFIER = "com.develop.H-BazaarTests";
				PRODUCT_NAME = "$(TARGET_NAME)";
				SWIFT_VERSION = 5.0;
				TARGETED_DEVICE_FAMILY = "1,2";
				TEST_HOST = "$(BUILT_PRODUCTS_DIR)/H-Bazaar.app/H-Bazaar";
			};
			name = Release;
		};
/* End XCBuildConfiguration section */

/* Begin XCConfigurationList section */
		7B565063243503550003689F /* Build configuration list for PBXProject "H-Bazaar" */ = {
			isa = XCConfigurationList;
			buildConfigurations = (
				7B565088243503570003689F /* Debug */,
				7B565089243503570003689F /* Release */,
			);
			defaultConfigurationIsVisible = 0;
			defaultConfigurationName = Release;
		};
		7B56508A243503570003689F /* Build configuration list for PBXNativeTarget "H-Bazaar" */ = {
			isa = XCConfigurationList;
			buildConfigurations = (
				7B56508B243503570003689F /* Debug */,
				7B56508C243503570003689F /* Release */,
			);
			defaultConfigurationIsVisible = 0;
			defaultConfigurationName = Release;
		};
		7B56508D243503570003689F /* Build configuration list for PBXNativeTarget "H-BazaarTests" */ = {
			isa = XCConfigurationList;
			buildConfigurations = (
				7B56508E243503570003689F /* Debug */,
				7B56508F243503570003689F /* Release */,
			);
			defaultConfigurationIsVisible = 0;
			defaultConfigurationName = Release;
		};
/* End XCConfigurationList section */

/* Begin XCVersionGroup section */
		7B565074243503550003689F /* H_Bazaar.xcdatamodeld */ = {
			isa = XCVersionGroup;
			children = (
				7B565075243503550003689F /* H_Bazaar.xcdatamodel */,
			);
			currentVersion = 7B565075243503550003689F /* H_Bazaar.xcdatamodel */;
			path = H_Bazaar.xcdatamodeld;
			sourceTree = "<group>";
			versionGroupType = wrapper.xcdatamodel;
		};
/* End XCVersionGroup section */
	};
	rootObject = 7B565060243503550003689F /* Project object */;
}
